// !$*UTF8*$!
{
	archiveVersion = 1;
	classes = {
	};
	objectVersion = 46;
	objects = {

/* Begin PBXBuildFile section */
		1D3623260D0F684500981E51 /* AppDelegate.m in Sources */ = {isa = PBXBuildFile; fileRef = 1D3623250D0F684500981E51 /* AppDelegate.m */; };
		1D60589F0D05DD5A006BFB54 /* Foundation.framework in Frameworks */ = {isa = PBXBuildFile; fileRef = 1D30AB110D05D00D00671497 /* Foundation.framework */; };
		1DF5F4E00D08C38300B7A737 /* UIKit.framework in Frameworks */ = {isa = PBXBuildFile; fileRef = 1DF5F4DF0D08C38300B7A737 /* UIKit.framework */; };
		288765A50DF7441C002DB57D /* CoreGraphics.framework in Frameworks */ = {isa = PBXBuildFile; fileRef = 288765A40DF7441C002DB57D /* CoreGraphics.framework */; };
		28D7ACF80DDB3853001CB0EB /* CoursesViewController.m in Sources */ = {isa = PBXBuildFile; fileRef = 28D7ACF70DDB3853001CB0EB /* CoursesViewController.m */; };
		EB7CA1FA1387F40B008396E3 /* QuartzCore.framework in Frameworks */ = {isa = PBXBuildFile; fileRef = EB7CA1F91387F40B008396E3 /* QuartzCore.framework */; };
		EBCF56DB17546B770083837B /* cursos_2007.xml in Resources */ = {isa = PBXBuildFile; fileRef = EBCF56D717546B770083837B /* cursos_2007.xml */; };
		EBCF56DC17546B770083837B /* cursos_2008.xml in Resources */ = {isa = PBXBuildFile; fileRef = EBCF56D817546B770083837B /* cursos_2008.xml */; };
		EBCF56DD17546B770083837B /* medias_2007.xml in Resources */ = {isa = PBXBuildFile; fileRef = EBCF56D917546B770083837B /* medias_2007.xml */; };
		EBCF56DE17546B770083837B /* medias_2008.xml in Resources */ = {isa = PBXBuildFile; fileRef = EBCF56DA17546B770083837B /* medias_2008.xml */; };
		EBCF578B17546C420083837B /* Default-568h@2x.png in Resources */ = {isa = PBXBuildFile; fileRef = EBCF578A17546C420083837B /* Default-568h@2x.png */; };
		EBCF578D17546C520083837B /* icon@57.png in Resources */ = {isa = PBXBuildFile; fileRef = EBCF578C17546C520083837B /* icon@57.png */; };
		EBCF578F17546C5D0083837B /* icon@72.png in Resources */ = {isa = PBXBuildFile; fileRef = EBCF578E17546C5D0083837B /* icon@72.png */; };
		EBCF579117546C610083837B /* icon@144.png in Resources */ = {isa = PBXBuildFile; fileRef = EBCF579017546C610083837B /* icon@144.png */; };
		EBCF579317546C680083837B /* icon@114.png in Resources */ = {isa = PBXBuildFile; fileRef = EBCF579217546C680083837B /* icon@114.png */; };
		EBCF579517546CBE0083837B /* CoreImage.framework in Frameworks */ = {isa = PBXBuildFile; fileRef = EBCF579417546CBE0083837B /* CoreImage.framework */; };
		EBCF579A17546D710083837B /* cursos_2009.xml in Resources */ = {isa = PBXBuildFile; fileRef = EBCF579817546D710083837B /* cursos_2009.xml */; };
		EBCF579B17546D710083837B /* medias_2009.xml in Resources */ = {isa = PBXBuildFile; fileRef = EBCF579917546D710083837B /* medias_2009.xml */; };
		EBCF579F175471D50083837B /* main.m in Sources */ = {isa = PBXBuildFile; fileRef = EBCF56E717546BB00083837B /* main.m */; };
		EBCF57A317547B0E0083837B /* GradesViewController.m in Sources */ = {isa = PBXBuildFile; fileRef = EBCF57A117547B0E0083837B /* GradesViewController.m */; };
		EBCF57A717547CFE0083837B /* DataController.m in Sources */ = {isa = PBXBuildFile; fileRef = EBCF57A617547CFE0083837B /* DataController.m */; };
		EBCF57AC175489800083837B /* CoursesViewController~ipad.xib in Resources */ = {isa = PBXBuildFile; fileRef = EBCF57A81754897F0083837B /* CoursesViewController~ipad.xib */; };
		EBCF57AD175489800083837B /* CoursesViewController~iphone.xib in Resources */ = {isa = PBXBuildFile; fileRef = EBCF57A91754897F0083837B /* CoursesViewController~iphone.xib */; };
		EBCF57AE175489800083837B /* GradesViewController~ipad.xib in Resources */ = {isa = PBXBuildFile; fileRef = EBCF57AA1754897F0083837B /* GradesViewController~ipad.xib */; };
		EBCF57AF175489800083837B /* GradesViewController~iphone.xib in Resources */ = {isa = PBXBuildFile; fileRef = EBCF57AB1754897F0083837B /* GradesViewController~iphone.xib */; };
		EBDA855D17B4EAD000CF9138 /* NUIAppearance.m in Sources */ = {isa = PBXBuildFile; fileRef = EBDA84F317B4EAD000CF9138 /* NUIAppearance.m */; };
		EBDA855E17B4EAD000CF9138 /* NUIConverter.m in Sources */ = {isa = PBXBuildFile; fileRef = EBDA84F517B4EAD000CF9138 /* NUIConverter.m */; };
		EBDA855F17B4EAD000CF9138 /* NUIFileMonitor.m in Sources */ = {isa = PBXBuildFile; fileRef = EBDA84F717B4EAD000CF9138 /* NUIFileMonitor.m */; };
		EBDA856017B4EAD000CF9138 /* NUIGraphics.m in Sources */ = {isa = PBXBuildFile; fileRef = EBDA84F917B4EAD000CF9138 /* NUIGraphics.m */; };
		EBDA856117B4EAD000CF9138 /* NUIRenderer.m in Sources */ = {isa = PBXBuildFile; fileRef = EBDA84FB17B4EAD000CF9138 /* NUIRenderer.m */; };
		EBDA856217B4EAD000CF9138 /* NUISettings.m in Sources */ = {isa = PBXBuildFile; fileRef = EBDA84FD17B4EAD000CF9138 /* NUISettings.m */; };
		EBDA856317B4EAD000CF9138 /* NUIStyleParser.m in Sources */ = {isa = PBXBuildFile; fileRef = EBDA84FF17B4EAD000CF9138 /* NUIStyleParser.m */; };
		EBDA856417B4EAD000CF9138 /* NUISwizzler.m in Sources */ = {isa = PBXBuildFile; fileRef = EBDA850117B4EAD000CF9138 /* NUISwizzler.m */; };
		EBDA856517B4EAD000CF9138 /* NUIUtilities.m in Sources */ = {isa = PBXBuildFile; fileRef = EBDA850317B4EAD000CF9138 /* NUIUtilities.m */; };
		EBDA856617B4EAD000CF9138 /* NUIBarButtonItemRenderer.m in Sources */ = {isa = PBXBuildFile; fileRef = EBDA850617B4EAD000CF9138 /* NUIBarButtonItemRenderer.m */; };
		EBDA856717B4EAD000CF9138 /* NUIButtonRenderer.m in Sources */ = {isa = PBXBuildFile; fileRef = EBDA850817B4EAD000CF9138 /* NUIButtonRenderer.m */; };
		EBDA856817B4EAD000CF9138 /* NUIControlRenderer.m in Sources */ = {isa = PBXBuildFile; fileRef = EBDA850A17B4EAD000CF9138 /* NUIControlRenderer.m */; };
		EBDA856917B4EAD000CF9138 /* NUILabelRenderer.m in Sources */ = {isa = PBXBuildFile; fileRef = EBDA850C17B4EAD000CF9138 /* NUILabelRenderer.m */; };
		EBDA856A17B4EAD000CF9138 /* NUINavigationBarRenderer.m in Sources */ = {isa = PBXBuildFile; fileRef = EBDA850E17B4EAD000CF9138 /* NUINavigationBarRenderer.m */; };
		EBDA856B17B4EAD000CF9138 /* NUINavigationItemRenderer.m in Sources */ = {isa = PBXBuildFile; fileRef = EBDA851017B4EAD000CF9138 /* NUINavigationItemRenderer.m */; };
		EBDA856C17B4EAD000CF9138 /* NUIProgressViewRenderer.m in Sources */ = {isa = PBXBuildFile; fileRef = EBDA851217B4EAD000CF9138 /* NUIProgressViewRenderer.m */; };
		EBDA856D17B4EAD000CF9138 /* NUISearchBarRenderer.m in Sources */ = {isa = PBXBuildFile; fileRef = EBDA851417B4EAD000CF9138 /* NUISearchBarRenderer.m */; };
		EBDA856E17B4EAD000CF9138 /* NUISegmentedControlRenderer.m in Sources */ = {isa = PBXBuildFile; fileRef = EBDA851617B4EAD000CF9138 /* NUISegmentedControlRenderer.m */; };
		EBDA856F17B4EAD000CF9138 /* NUISliderRenderer.m in Sources */ = {isa = PBXBuildFile; fileRef = EBDA851817B4EAD000CF9138 /* NUISliderRenderer.m */; };
		EBDA857017B4EAD000CF9138 /* NUISwitchRenderer.m in Sources */ = {isa = PBXBuildFile; fileRef = EBDA851A17B4EAD000CF9138 /* NUISwitchRenderer.m */; };
		EBDA857117B4EAD000CF9138 /* NUITabBarItemRenderer.m in Sources */ = {isa = PBXBuildFile; fileRef = EBDA851C17B4EAD000CF9138 /* NUITabBarItemRenderer.m */; };
		EBDA857217B4EAD000CF9138 /* NUITabBarRenderer.m in Sources */ = {isa = PBXBuildFile; fileRef = EBDA851E17B4EAD000CF9138 /* NUITabBarRenderer.m */; };
		EBDA857317B4EAD000CF9138 /* NUITableViewCellRenderer.m in Sources */ = {isa = PBXBuildFile; fileRef = EBDA852017B4EAD000CF9138 /* NUITableViewCellRenderer.m */; };
		EBDA857417B4EAD000CF9138 /* NUITableViewRenderer.m in Sources */ = {isa = PBXBuildFile; fileRef = EBDA852217B4EAD000CF9138 /* NUITableViewRenderer.m */; };
		EBDA857517B4EAD000CF9138 /* NUITextFieldRenderer.m in Sources */ = {isa = PBXBuildFile; fileRef = EBDA852417B4EAD000CF9138 /* NUITextFieldRenderer.m */; };
		EBDA857617B4EAD000CF9138 /* NUIToolbarRenderer.m in Sources */ = {isa = PBXBuildFile; fileRef = EBDA852617B4EAD000CF9138 /* NUIToolbarRenderer.m */; };
		EBDA857717B4EAD000CF9138 /* NUIViewRenderer.m in Sources */ = {isa = PBXBuildFile; fileRef = EBDA852817B4EAD000CF9138 /* NUIViewRenderer.m */; };
		EBDA857817B4EAD000CF9138 /* NUIWindowRenderer.m in Sources */ = {isa = PBXBuildFile; fileRef = EBDA852A17B4EAD000CF9138 /* NUIWindowRenderer.m */; };
		EBDA857917B4EAD000CF9138 /* NUIStyle.nss in Resources */ = {isa = PBXBuildFile; fileRef = EBDA852B17B4EAD000CF9138 /* NUIStyle.nss */; };
		EBDA857A17B4EAD000CF9138 /* NUIViewBackground.png in Resources */ = {isa = PBXBuildFile; fileRef = EBDA852D17B4EAD000CF9138 /* NUIViewBackground.png */; };
		EBDA857B17B4EAD000CF9138 /* Blue.NUI.nss in Resources */ = {isa = PBXBuildFile; fileRef = EBDA852F17B4EAD000CF9138 /* Blue.NUI.nss */; };
		EBDA857C17B4EAD000CF9138 /* Default.NUI.nss in Resources */ = {isa = PBXBuildFile; fileRef = EBDA853017B4EAD000CF9138 /* Default.NUI.nss */; };
		EBDA857D17B4EAD000CF9138 /* Googolplex.NUI.nss in Resources */ = {isa = PBXBuildFile; fileRef = EBDA853117B4EAD000CF9138 /* Googolplex.NUI.nss */; };
		EBDA857E17B4EAD000CF9138 /* Round.NUI.nss in Resources */ = {isa = PBXBuildFile; fileRef = EBDA853217B4EAD000CF9138 /* Round.NUI.nss */; };
		EBDA857F17B4EAD000CF9138 /* Route.NUI.nss in Resources */ = {isa = PBXBuildFile; fileRef = EBDA853317B4EAD000CF9138 /* Route.NUI.nss */; };
		EBDA858017B4EAD000CF9138 /* SkyBlue.NUI.nss in Resources */ = {isa = PBXBuildFile; fileRef = EBDA853417B4EAD000CF9138 /* SkyBlue.NUI.nss */; };
		EBDA858117B4EAD000CF9138 /* Switchboard.NUI.nss in Resources */ = {isa = PBXBuildFile; fileRef = EBDA853517B4EAD000CF9138 /* Switchboard.NUI.nss */; };
		EBDA858217B4EAD000CF9138 /* UIBarButtonItem+NUI.m in Sources */ = {isa = PBXBuildFile; fileRef = EBDA853817B4EAD000CF9138 /* UIBarButtonItem+NUI.m */; };
		EBDA858317B4EAD000CF9138 /* UIButton+NUI.m in Sources */ = {isa = PBXBuildFile; fileRef = EBDA853A17B4EAD000CF9138 /* UIButton+NUI.m */; };
		EBDA858417B4EAD000CF9138 /* UIControl+NUI.m in Sources */ = {isa = PBXBuildFile; fileRef = EBDA853C17B4EAD000CF9138 /* UIControl+NUI.m */; };
		EBDA858517B4EAD000CF9138 /* UILabel+NUI.m in Sources */ = {isa = PBXBuildFile; fileRef = EBDA853E17B4EAD000CF9138 /* UILabel+NUI.m */; };
		EBDA858617B4EAD000CF9138 /* UINavigationBar+NUI.m in Sources */ = {isa = PBXBuildFile; fileRef = EBDA854017B4EAD000CF9138 /* UINavigationBar+NUI.m */; };
		EBDA858717B4EAD000CF9138 /* UINavigationItem+NUI.m in Sources */ = {isa = PBXBuildFile; fileRef = EBDA854217B4EAD000CF9138 /* UINavigationItem+NUI.m */; };
		EBDA858817B4EAD000CF9138 /* UIProgressView+NUI.m in Sources */ = {isa = PBXBuildFile; fileRef = EBDA854417B4EAD000CF9138 /* UIProgressView+NUI.m */; };
		EBDA858917B4EAD000CF9138 /* UISearchBar+NUI.m in Sources */ = {isa = PBXBuildFile; fileRef = EBDA854617B4EAD000CF9138 /* UISearchBar+NUI.m */; };
		EBDA858A17B4EAD000CF9138 /* UISegmentedControl+NUI.m in Sources */ = {isa = PBXBuildFile; fileRef = EBDA854817B4EAD000CF9138 /* UISegmentedControl+NUI.m */; };
		EBDA858B17B4EAD000CF9138 /* UISlider+NUI.m in Sources */ = {isa = PBXBuildFile; fileRef = EBDA854A17B4EAD000CF9138 /* UISlider+NUI.m */; };
		EBDA858C17B4EAD000CF9138 /* UISwitch+NUI.m in Sources */ = {isa = PBXBuildFile; fileRef = EBDA854C17B4EAD000CF9138 /* UISwitch+NUI.m */; };
		EBDA858D17B4EAD000CF9138 /* UITabBar+NUI.m in Sources */ = {isa = PBXBuildFile; fileRef = EBDA854E17B4EAD000CF9138 /* UITabBar+NUI.m */; };
		EBDA858E17B4EAD000CF9138 /* UITabBarItem+NUI.m in Sources */ = {isa = PBXBuildFile; fileRef = EBDA855017B4EAD000CF9138 /* UITabBarItem+NUI.m */; };
		EBDA858F17B4EAD000CF9138 /* UITableView+NUI.m in Sources */ = {isa = PBXBuildFile; fileRef = EBDA855217B4EAD000CF9138 /* UITableView+NUI.m */; };
		EBDA859017B4EAD000CF9138 /* UITableViewCell+NUI.m in Sources */ = {isa = PBXBuildFile; fileRef = EBDA855417B4EAD000CF9138 /* UITableViewCell+NUI.m */; };
		EBDA859117B4EAD000CF9138 /* UITextField+NUI.m in Sources */ = {isa = PBXBuildFile; fileRef = EBDA855617B4EAD000CF9138 /* UITextField+NUI.m */; };
		EBDA859217B4EAD000CF9138 /* UIToolbar+NUI.m in Sources */ = {isa = PBXBuildFile; fileRef = EBDA855817B4EAD000CF9138 /* UIToolbar+NUI.m */; };
		EBDA859317B4EAD000CF9138 /* UIView+NUI.m in Sources */ = {isa = PBXBuildFile; fileRef = EBDA855A17B4EAD000CF9138 /* UIView+NUI.m */; };
		EBDA859417B4EAD000CF9138 /* UIWindow+NUI.m in Sources */ = {isa = PBXBuildFile; fileRef = EBDA855C17B4EAD000CF9138 /* UIWindow+NUI.m */; };
/* End PBXBuildFile section */

/* Begin PBXFileReference section */
		1D30AB110D05D00D00671497 /* Foundation.framework */ = {isa = PBXFileReference; lastKnownFileType = wrapper.framework; name = Foundation.framework; path = System/Library/Frameworks/Foundation.framework; sourceTree = SDKROOT; };
		1D3623240D0F684500981E51 /* AppDelegate.h */ = {isa = PBXFileReference; fileEncoding = 4; lastKnownFileType = sourcecode.c.h; path = AppDelegate.h; sourceTree = "<group>"; };
		1D3623250D0F684500981E51 /* AppDelegate.m */ = {isa = PBXFileReference; fileEncoding = 4; lastKnownFileType = sourcecode.c.objc; path = AppDelegate.m; sourceTree = "<group>"; };
		1D6058910D05DD3D006BFB54 /* Argumento.app */ = {isa = PBXFileReference; explicitFileType = wrapper.application; includeInIndex = 0; path = Argumento.app; sourceTree = BUILT_PRODUCTS_DIR; };
		1DF5F4DF0D08C38300B7A737 /* UIKit.framework */ = {isa = PBXFileReference; lastKnownFileType = wrapper.framework; name = UIKit.framework; path = System/Library/Frameworks/UIKit.framework; sourceTree = SDKROOT; };
		288765A40DF7441C002DB57D /* CoreGraphics.framework */ = {isa = PBXFileReference; lastKnownFileType = wrapper.framework; name = CoreGraphics.framework; path = System/Library/Frameworks/CoreGraphics.framework; sourceTree = SDKROOT; };
		28D7ACF60DDB3853001CB0EB /* CoursesViewController.h */ = {isa = PBXFileReference; fileEncoding = 4; lastKnownFileType = sourcecode.c.h; path = CoursesViewController.h; sourceTree = "<group>"; };
		28D7ACF70DDB3853001CB0EB /* CoursesViewController.m */ = {isa = PBXFileReference; fileEncoding = 4; lastKnownFileType = sourcecode.c.objc; path = CoursesViewController.m; sourceTree = "<group>"; };
		EB7CA1F91387F40B008396E3 /* QuartzCore.framework */ = {isa = PBXFileReference; lastKnownFileType = wrapper.framework; name = QuartzCore.framework; path = System/Library/Frameworks/QuartzCore.framework; sourceTree = SDKROOT; };
		EBCF56D717546B770083837B /* cursos_2007.xml */ = {isa = PBXFileReference; fileEncoding = 4; lastKnownFileType = text.xml; name = cursos_2007.xml; path = Resources/cursos_2007.xml; sourceTree = "<group>"; };
		EBCF56D817546B770083837B /* cursos_2008.xml */ = {isa = PBXFileReference; fileEncoding = 4; lastKnownFileType = text.xml; name = cursos_2008.xml; path = Resources/cursos_2008.xml; sourceTree = "<group>"; };
		EBCF56D917546B770083837B /* medias_2007.xml */ = {isa = PBXFileReference; fileEncoding = 4; lastKnownFileType = text.xml; name = medias_2007.xml; path = Resources/medias_2007.xml; sourceTree = "<group>"; };
		EBCF56DA17546B770083837B /* medias_2008.xml */ = {isa = PBXFileReference; fileEncoding = 4; lastKnownFileType = text.xml; name = medias_2008.xml; path = Resources/medias_2008.xml; sourceTree = "<group>"; };
		EBCF56E617546BB00083837B /* Argumento_Prefix.pch */ = {isa = PBXFileReference; lastKnownFileType = sourcecode.c.h; name = Argumento_Prefix.pch; path = Resources/Argumento_Prefix.pch; sourceTree = "<group>"; };
		EBCF56E717546BB00083837B /* main.m */ = {isa = PBXFileReference; lastKnownFileType = sourcecode.c.objc; name = main.m; path = Resources/main.m; sourceTree = "<group>"; };
		EBCF56E817546BB00083837B /* Settings.bundle */ = {isa = PBXFileReference; lastKnownFileType = "wrapper.plug-in"; name = Settings.bundle; path = Resources/Settings.bundle; sourceTree = "<group>"; };
		EBCF56E917546BB00083837B /* Argumento-Info.plist */ = {isa = PBXFileReference; lastKnownFileType = text.plist.xml; name = "Argumento-Info.plist"; path = "Resources/Argumento-Info.plist"; sourceTree = "<group>"; };
		EBCF578A17546C420083837B /* Default-568h@2x.png */ = {isa = PBXFileReference; lastKnownFileType = image.png; path = "Default-568h@2x.png"; sourceTree = "<group>"; };
		EBCF578C17546C520083837B /* icon@57.png */ = {isa = PBXFileReference; lastKnownFileType = image.png; path = "icon@57.png"; sourceTree = "<group>"; };
		EBCF578E17546C5D0083837B /* icon@72.png */ = {isa = PBXFileReference; lastKnownFileType = image.png; path = "icon@72.png"; sourceTree = "<group>"; };
		EBCF579017546C610083837B /* icon@144.png */ = {isa = PBXFileReference; lastKnownFileType = image.png; path = "icon@144.png"; sourceTree = "<group>"; };
		EBCF579217546C680083837B /* icon@114.png */ = {isa = PBXFileReference; lastKnownFileType = image.png; path = "icon@114.png"; sourceTree = "<group>"; };
		EBCF579417546CBE0083837B /* CoreImage.framework */ = {isa = PBXFileReference; lastKnownFileType = wrapper.framework; name = CoreImage.framework; path = System/Library/Frameworks/CoreImage.framework; sourceTree = SDKROOT; };
		EBCF579817546D710083837B /* cursos_2009.xml */ = {isa = PBXFileReference; fileEncoding = 4; lastKnownFileType = text.xml; name = cursos_2009.xml; path = Resources/cursos_2009.xml; sourceTree = "<group>"; };
		EBCF579917546D710083837B /* medias_2009.xml */ = {isa = PBXFileReference; fileEncoding = 4; lastKnownFileType = text.xml; name = medias_2009.xml; path = Resources/medias_2009.xml; sourceTree = "<group>"; };
		EBCF57A017547B0E0083837B /* GradesViewController.h */ = {isa = PBXFileReference; fileEncoding = 4; lastKnownFileType = sourcecode.c.h; path = GradesViewController.h; sourceTree = "<group>"; };
		EBCF57A117547B0E0083837B /* GradesViewController.m */ = {isa = PBXFileReference; fileEncoding = 4; lastKnownFileType = sourcecode.c.objc; path = GradesViewController.m; sourceTree = "<group>"; };
		EBCF57A517547CFE0083837B /* DataController.h */ = {isa = PBXFileReference; fileEncoding = 4; lastKnownFileType = sourcecode.c.h; path = DataController.h; sourceTree = "<group>"; };
		EBCF57A617547CFE0083837B /* DataController.m */ = {isa = PBXFileReference; fileEncoding = 4; lastKnownFileType = sourcecode.c.objc; path = DataController.m; sourceTree = "<group>"; };
		EBCF57A81754897F0083837B /* CoursesViewController~ipad.xib */ = {isa = PBXFileReference; fileEncoding = 4; lastKnownFileType = file.xib; path = "CoursesViewController~ipad.xib"; sourceTree = "<group>"; };
		EBCF57A91754897F0083837B /* CoursesViewController~iphone.xib */ = {isa = PBXFileReference; fileEncoding = 4; lastKnownFileType = file.xib; path = "CoursesViewController~iphone.xib"; sourceTree = "<group>"; };
		EBCF57AA1754897F0083837B /* GradesViewController~ipad.xib */ = {isa = PBXFileReference; fileEncoding = 4; lastKnownFileType = file.xib; path = "GradesViewController~ipad.xib"; sourceTree = "<group>"; };
		EBCF57AB1754897F0083837B /* GradesViewController~iphone.xib */ = {isa = PBXFileReference; fileEncoding = 4; lastKnownFileType = file.xib; path = "GradesViewController~iphone.xib"; sourceTree = "<group>"; };
		EBD392EB1220C26A00E07826 /* Constantes.h */ = {isa = PBXFileReference; fileEncoding = 4; lastKnownFileType = sourcecode.c.h; path = Constantes.h; sourceTree = "<group>"; };
		EBDA84F217B4EAD000CF9138 /* NUIAppearance.h */ = {isa = PBXFileReference; fileEncoding = 4; lastKnownFileType = sourcecode.c.h; path = NUIAppearance.h; sourceTree = "<group>"; };
		EBDA84F317B4EAD000CF9138 /* NUIAppearance.m */ = {isa = PBXFileReference; fileEncoding = 4; lastKnownFileType = sourcecode.c.objc; path = NUIAppearance.m; sourceTree = "<group>"; };
		EBDA84F417B4EAD000CF9138 /* NUIConverter.h */ = {isa = PBXFileReference; fileEncoding = 4; lastKnownFileType = sourcecode.c.h; path = NUIConverter.h; sourceTree = "<group>"; };
		EBDA84F517B4EAD000CF9138 /* NUIConverter.m */ = {isa = PBXFileReference; fileEncoding = 4; lastKnownFileType = sourcecode.c.objc; path = NUIConverter.m; sourceTree = "<group>"; };
		EBDA84F617B4EAD000CF9138 /* NUIFileMonitor.h */ = {isa = PBXFileReference; fileEncoding = 4; lastKnownFileType = sourcecode.c.h; path = NUIFileMonitor.h; sourceTree = "<group>"; };
		EBDA84F717B4EAD000CF9138 /* NUIFileMonitor.m */ = {isa = PBXFileReference; fileEncoding = 4; lastKnownFileType = sourcecode.c.objc; path = NUIFileMonitor.m; sourceTree = "<group>"; };
		EBDA84F817B4EAD000CF9138 /* NUIGraphics.h */ = {isa = PBXFileReference; fileEncoding = 4; lastKnownFileType = sourcecode.c.h; path = NUIGraphics.h; sourceTree = "<group>"; };
		EBDA84F917B4EAD000CF9138 /* NUIGraphics.m */ = {isa = PBXFileReference; fileEncoding = 4; lastKnownFileType = sourcecode.c.objc; path = NUIGraphics.m; sourceTree = "<group>"; };
		EBDA84FA17B4EAD000CF9138 /* NUIRenderer.h */ = {isa = PBXFileReference; fileEncoding = 4; lastKnownFileType = sourcecode.c.h; path = NUIRenderer.h; sourceTree = "<group>"; };
		EBDA84FB17B4EAD000CF9138 /* NUIRenderer.m */ = {isa = PBXFileReference; fileEncoding = 4; lastKnownFileType = sourcecode.c.objc; path = NUIRenderer.m; sourceTree = "<group>"; };
		EBDA84FC17B4EAD000CF9138 /* NUISettings.h */ = {isa = PBXFileReference; fileEncoding = 4; lastKnownFileType = sourcecode.c.h; path = NUISettings.h; sourceTree = "<group>"; };
		EBDA84FD17B4EAD000CF9138 /* NUISettings.m */ = {isa = PBXFileReference; fileEncoding = 4; lastKnownFileType = sourcecode.c.objc; path = NUISettings.m; sourceTree = "<group>"; };
		EBDA84FE17B4EAD000CF9138 /* NUIStyleParser.h */ = {isa = PBXFileReference; fileEncoding = 4; lastKnownFileType = sourcecode.c.h; path = NUIStyleParser.h; sourceTree = "<group>"; };
		EBDA84FF17B4EAD000CF9138 /* NUIStyleParser.m */ = {isa = PBXFileReference; fileEncoding = 4; lastKnownFileType = sourcecode.c.objc; path = NUIStyleParser.m; sourceTree = "<group>"; };
		EBDA850017B4EAD000CF9138 /* NUISwizzler.h */ = {isa = PBXFileReference; fileEncoding = 4; lastKnownFileType = sourcecode.c.h; path = NUISwizzler.h; sourceTree = "<group>"; };
		EBDA850117B4EAD000CF9138 /* NUISwizzler.m */ = {isa = PBXFileReference; fileEncoding = 4; lastKnownFileType = sourcecode.c.objc; path = NUISwizzler.m; sourceTree = "<group>"; };
		EBDA850217B4EAD000CF9138 /* NUIUtilities.h */ = {isa = PBXFileReference; fileEncoding = 4; lastKnownFileType = sourcecode.c.h; path = NUIUtilities.h; sourceTree = "<group>"; };
		EBDA850317B4EAD000CF9138 /* NUIUtilities.m */ = {isa = PBXFileReference; fileEncoding = 4; lastKnownFileType = sourcecode.c.objc; path = NUIUtilities.m; sourceTree = "<group>"; };
		EBDA850517B4EAD000CF9138 /* NUIBarButtonItemRenderer.h */ = {isa = PBXFileReference; fileEncoding = 4; lastKnownFileType = sourcecode.c.h; path = NUIBarButtonItemRenderer.h; sourceTree = "<group>"; };
		EBDA850617B4EAD000CF9138 /* NUIBarButtonItemRenderer.m */ = {isa = PBXFileReference; fileEncoding = 4; lastKnownFileType = sourcecode.c.objc; path = NUIBarButtonItemRenderer.m; sourceTree = "<group>"; };
		EBDA850717B4EAD000CF9138 /* NUIButtonRenderer.h */ = {isa = PBXFileReference; fileEncoding = 4; lastKnownFileType = sourcecode.c.h; path = NUIButtonRenderer.h; sourceTree = "<group>"; };
		EBDA850817B4EAD000CF9138 /* NUIButtonRenderer.m */ = {isa = PBXFileReference; fileEncoding = 4; lastKnownFileType = sourcecode.c.objc; path = NUIButtonRenderer.m; sourceTree = "<group>"; };
		EBDA850917B4EAD000CF9138 /* NUIControlRenderer.h */ = {isa = PBXFileReference; fileEncoding = 4; lastKnownFileType = sourcecode.c.h; path = NUIControlRenderer.h; sourceTree = "<group>"; };
		EBDA850A17B4EAD000CF9138 /* NUIControlRenderer.m */ = {isa = PBXFileReference; fileEncoding = 4; lastKnownFileType = sourcecode.c.objc; path = NUIControlRenderer.m; sourceTree = "<group>"; };
		EBDA850B17B4EAD000CF9138 /* NUILabelRenderer.h */ = {isa = PBXFileReference; fileEncoding = 4; lastKnownFileType = sourcecode.c.h; path = NUILabelRenderer.h; sourceTree = "<group>"; };
		EBDA850C17B4EAD000CF9138 /* NUILabelRenderer.m */ = {isa = PBXFileReference; fileEncoding = 4; lastKnownFileType = sourcecode.c.objc; path = NUILabelRenderer.m; sourceTree = "<group>"; };
		EBDA850D17B4EAD000CF9138 /* NUINavigationBarRenderer.h */ = {isa = PBXFileReference; fileEncoding = 4; lastKnownFileType = sourcecode.c.h; path = NUINavigationBarRenderer.h; sourceTree = "<group>"; };
		EBDA850E17B4EAD000CF9138 /* NUINavigationBarRenderer.m */ = {isa = PBXFileReference; fileEncoding = 4; lastKnownFileType = sourcecode.c.objc; path = NUINavigationBarRenderer.m; sourceTree = "<group>"; };
		EBDA850F17B4EAD000CF9138 /* NUINavigationItemRenderer.h */ = {isa = PBXFileReference; fileEncoding = 4; lastKnownFileType = sourcecode.c.h; path = NUINavigationItemRenderer.h; sourceTree = "<group>"; };
		EBDA851017B4EAD000CF9138 /* NUINavigationItemRenderer.m */ = {isa = PBXFileReference; fileEncoding = 4; lastKnownFileType = sourcecode.c.objc; path = NUINavigationItemRenderer.m; sourceTree = "<group>"; };
		EBDA851117B4EAD000CF9138 /* NUIProgressViewRenderer.h */ = {isa = PBXFileReference; fileEncoding = 4; lastKnownFileType = sourcecode.c.h; path = NUIProgressViewRenderer.h; sourceTree = "<group>"; };
		EBDA851217B4EAD000CF9138 /* NUIProgressViewRenderer.m */ = {isa = PBXFileReference; fileEncoding = 4; lastKnownFileType = sourcecode.c.objc; path = NUIProgressViewRenderer.m; sourceTree = "<group>"; };
		EBDA851317B4EAD000CF9138 /* NUISearchBarRenderer.h */ = {isa = PBXFileReference; fileEncoding = 4; lastKnownFileType = sourcecode.c.h; path = NUISearchBarRenderer.h; sourceTree = "<group>"; };
		EBDA851417B4EAD000CF9138 /* NUISearchBarRenderer.m */ = {isa = PBXFileReference; fileEncoding = 4; lastKnownFileType = sourcecode.c.objc; path = NUISearchBarRenderer.m; sourceTree = "<group>"; };
		EBDA851517B4EAD000CF9138 /* NUISegmentedControlRenderer.h */ = {isa = PBXFileReference; fileEncoding = 4; lastKnownFileType = sourcecode.c.h; path = NUISegmentedControlRenderer.h; sourceTree = "<group>"; };
		EBDA851617B4EAD000CF9138 /* NUISegmentedControlRenderer.m */ = {isa = PBXFileReference; fileEncoding = 4; lastKnownFileType = sourcecode.c.objc; path = NUISegmentedControlRenderer.m; sourceTree = "<group>"; };
		EBDA851717B4EAD000CF9138 /* NUISliderRenderer.h */ = {isa = PBXFileReference; fileEncoding = 4; lastKnownFileType = sourcecode.c.h; path = NUISliderRenderer.h; sourceTree = "<group>"; };
		EBDA851817B4EAD000CF9138 /* NUISliderRenderer.m */ = {isa = PBXFileReference; fileEncoding = 4; lastKnownFileType = sourcecode.c.objc; path = NUISliderRenderer.m; sourceTree = "<group>"; };
		EBDA851917B4EAD000CF9138 /* NUISwitchRenderer.h */ = {isa = PBXFileReference; fileEncoding = 4; lastKnownFileType = sourcecode.c.h; path = NUISwitchRenderer.h; sourceTree = "<group>"; };
		EBDA851A17B4EAD000CF9138 /* NUISwitchRenderer.m */ = {isa = PBXFileReference; fileEncoding = 4; lastKnownFileType = sourcecode.c.objc; path = NUISwitchRenderer.m; sourceTree = "<group>"; };
		EBDA851B17B4EAD000CF9138 /* NUITabBarItemRenderer.h */ = {isa = PBXFileReference; fileEncoding = 4; lastKnownFileType = sourcecode.c.h; path = NUITabBarItemRenderer.h; sourceTree = "<group>"; };
		EBDA851C17B4EAD000CF9138 /* NUITabBarItemRenderer.m */ = {isa = PBXFileReference; fileEncoding = 4; lastKnownFileType = sourcecode.c.objc; path = NUITabBarItemRenderer.m; sourceTree = "<group>"; };
		EBDA851D17B4EAD000CF9138 /* NUITabBarRenderer.h */ = {isa = PBXFileReference; fileEncoding = 4; lastKnownFileType = sourcecode.c.h; path = NUITabBarRenderer.h; sourceTree = "<group>"; };
		EBDA851E17B4EAD000CF9138 /* NUITabBarRenderer.m */ = {isa = PBXFileReference; fileEncoding = 4; lastKnownFileType = sourcecode.c.objc; path = NUITabBarRenderer.m; sourceTree = "<group>"; };
		EBDA851F17B4EAD000CF9138 /* NUITableViewCellRenderer.h */ = {isa = PBXFileReference; fileEncoding = 4; lastKnownFileType = sourcecode.c.h; path = NUITableViewCellRenderer.h; sourceTree = "<group>"; };
		EBDA852017B4EAD000CF9138 /* NUITableViewCellRenderer.m */ = {isa = PBXFileReference; fileEncoding = 4; lastKnownFileType = sourcecode.c.objc; path = NUITableViewCellRenderer.m; sourceTree = "<group>"; };
		EBDA852117B4EAD000CF9138 /* NUITableViewRenderer.h */ = {isa = PBXFileReference; fileEncoding = 4; lastKnownFileType = sourcecode.c.h; path = NUITableViewRenderer.h; sourceTree = "<group>"; };
		EBDA852217B4EAD000CF9138 /* NUITableViewRenderer.m */ = {isa = PBXFileReference; fileEncoding = 4; lastKnownFileType = sourcecode.c.objc; path = NUITableViewRenderer.m; sourceTree = "<group>"; };
		EBDA852317B4EAD000CF9138 /* NUITextFieldRenderer.h */ = {isa = PBXFileReference; fileEncoding = 4; lastKnownFileType = sourcecode.c.h; path = NUITextFieldRenderer.h; sourceTree = "<group>"; };
		EBDA852417B4EAD000CF9138 /* NUITextFieldRenderer.m */ = {isa = PBXFileReference; fileEncoding = 4; lastKnownFileType = sourcecode.c.objc; path = NUITextFieldRenderer.m; sourceTree = "<group>"; };
		EBDA852517B4EAD000CF9138 /* NUIToolbarRenderer.h */ = {isa = PBXFileReference; fileEncoding = 4; lastKnownFileType = sourcecode.c.h; path = NUIToolbarRenderer.h; sourceTree = "<group>"; };
		EBDA852617B4EAD000CF9138 /* NUIToolbarRenderer.m */ = {isa = PBXFileReference; fileEncoding = 4; lastKnownFileType = sourcecode.c.objc; path = NUIToolbarRenderer.m; sourceTree = "<group>"; };
		EBDA852717B4EAD000CF9138 /* NUIViewRenderer.h */ = {isa = PBXFileReference; fileEncoding = 4; lastKnownFileType = sourcecode.c.h; path = NUIViewRenderer.h; sourceTree = "<group>"; };
		EBDA852817B4EAD000CF9138 /* NUIViewRenderer.m */ = {isa = PBXFileReference; fileEncoding = 4; lastKnownFileType = sourcecode.c.objc; path = NUIViewRenderer.m; sourceTree = "<group>"; };
		EBDA852917B4EAD000CF9138 /* NUIWindowRenderer.h */ = {isa = PBXFileReference; fileEncoding = 4; lastKnownFileType = sourcecode.c.h; path = NUIWindowRenderer.h; sourceTree = "<group>"; };
		EBDA852A17B4EAD000CF9138 /* NUIWindowRenderer.m */ = {isa = PBXFileReference; fileEncoding = 4; lastKnownFileType = sourcecode.c.objc; path = NUIWindowRenderer.m; sourceTree = "<group>"; };
		EBDA852B17B4EAD000CF9138 /* NUIStyle.nss */ = {isa = PBXFileReference; fileEncoding = 4; lastKnownFileType = text; path = NUIStyle.nss; sourceTree = "<group>"; };
		EBDA852D17B4EAD000CF9138 /* NUIViewBackground.png */ = {isa = PBXFileReference; lastKnownFileType = image.png; path = NUIViewBackground.png; sourceTree = "<group>"; };
		EBDA852F17B4EAD000CF9138 /* Blue.NUI.nss */ = {isa = PBXFileReference; fileEncoding = 4; lastKnownFileType = text; path = Blue.NUI.nss; sourceTree = "<group>"; };
		EBDA853017B4EAD000CF9138 /* Default.NUI.nss */ = {isa = PBXFileReference; fileEncoding = 4; lastKnownFileType = text; path = Default.NUI.nss; sourceTree = "<group>"; };
		EBDA853117B4EAD000CF9138 /* Googolplex.NUI.nss */ = {isa = PBXFileReference; fileEncoding = 4; lastKnownFileType = text; path = Googolplex.NUI.nss; sourceTree = "<group>"; };
		EBDA853217B4EAD000CF9138 /* Round.NUI.nss */ = {isa = PBXFileReference; fileEncoding = 4; lastKnownFileType = text; path = Round.NUI.nss; sourceTree = "<group>"; };
		EBDA853317B4EAD000CF9138 /* Route.NUI.nss */ = {isa = PBXFileReference; fileEncoding = 4; lastKnownFileType = text; path = Route.NUI.nss; sourceTree = "<group>"; };
		EBDA853417B4EAD000CF9138 /* SkyBlue.NUI.nss */ = {isa = PBXFileReference; fileEncoding = 4; lastKnownFileType = text; path = SkyBlue.NUI.nss; sourceTree = "<group>"; };
		EBDA853517B4EAD000CF9138 /* Switchboard.NUI.nss */ = {isa = PBXFileReference; fileEncoding = 4; lastKnownFileType = text; path = Switchboard.NUI.nss; sourceTree = "<group>"; };
		EBDA853717B4EAD000CF9138 /* UIBarButtonItem+NUI.h */ = {isa = PBXFileReference; fileEncoding = 4; lastKnownFileType = sourcecode.c.h; path = "UIBarButtonItem+NUI.h"; sourceTree = "<group>"; };
		EBDA853817B4EAD000CF9138 /* UIBarButtonItem+NUI.m */ = {isa = PBXFileReference; fileEncoding = 4; lastKnownFileType = sourcecode.c.objc; path = "UIBarButtonItem+NUI.m"; sourceTree = "<group>"; };
		EBDA853917B4EAD000CF9138 /* UIButton+NUI.h */ = {isa = PBXFileReference; fileEncoding = 4; lastKnownFileType = sourcecode.c.h; path = "UIButton+NUI.h"; sourceTree = "<group>"; };
		EBDA853A17B4EAD000CF9138 /* UIButton+NUI.m */ = {isa = PBXFileReference; fileEncoding = 4; lastKnownFileType = sourcecode.c.objc; path = "UIButton+NUI.m"; sourceTree = "<group>"; };
		EBDA853B17B4EAD000CF9138 /* UIControl+NUI.h */ = {isa = PBXFileReference; fileEncoding = 4; lastKnownFileType = sourcecode.c.h; path = "UIControl+NUI.h"; sourceTree = "<group>"; };
		EBDA853C17B4EAD000CF9138 /* UIControl+NUI.m */ = {isa = PBXFileReference; fileEncoding = 4; lastKnownFileType = sourcecode.c.objc; path = "UIControl+NUI.m"; sourceTree = "<group>"; };
		EBDA853D17B4EAD000CF9138 /* UILabel+NUI.h */ = {isa = PBXFileReference; fileEncoding = 4; lastKnownFileType = sourcecode.c.h; path = "UILabel+NUI.h"; sourceTree = "<group>"; };
		EBDA853E17B4EAD000CF9138 /* UILabel+NUI.m */ = {isa = PBXFileReference; fileEncoding = 4; lastKnownFileType = sourcecode.c.objc; path = "UILabel+NUI.m"; sourceTree = "<group>"; };
		EBDA853F17B4EAD000CF9138 /* UINavigationBar+NUI.h */ = {isa = PBXFileReference; fileEncoding = 4; lastKnownFileType = sourcecode.c.h; path = "UINavigationBar+NUI.h"; sourceTree = "<group>"; };
		EBDA854017B4EAD000CF9138 /* UINavigationBar+NUI.m */ = {isa = PBXFileReference; fileEncoding = 4; lastKnownFileType = sourcecode.c.objc; path = "UINavigationBar+NUI.m"; sourceTree = "<group>"; };
		EBDA854117B4EAD000CF9138 /* UINavigationItem+NUI.h */ = {isa = PBXFileReference; fileEncoding = 4; lastKnownFileType = sourcecode.c.h; path = "UINavigationItem+NUI.h"; sourceTree = "<group>"; };
		EBDA854217B4EAD000CF9138 /* UINavigationItem+NUI.m */ = {isa = PBXFileReference; fileEncoding = 4; lastKnownFileType = sourcecode.c.objc; path = "UINavigationItem+NUI.m"; sourceTree = "<group>"; };
		EBDA854317B4EAD000CF9138 /* UIProgressView+NUI.h */ = {isa = PBXFileReference; fileEncoding = 4; lastKnownFileType = sourcecode.c.h; path = "UIProgressView+NUI.h"; sourceTree = "<group>"; };
		EBDA854417B4EAD000CF9138 /* UIProgressView+NUI.m */ = {isa = PBXFileReference; fileEncoding = 4; lastKnownFileType = sourcecode.c.objc; path = "UIProgressView+NUI.m"; sourceTree = "<group>"; };
		EBDA854517B4EAD000CF9138 /* UISearchBar+NUI.h */ = {isa = PBXFileReference; fileEncoding = 4; lastKnownFileType = sourcecode.c.h; path = "UISearchBar+NUI.h"; sourceTree = "<group>"; };
		EBDA854617B4EAD000CF9138 /* UISearchBar+NUI.m */ = {isa = PBXFileReference; fileEncoding = 4; lastKnownFileType = sourcecode.c.objc; path = "UISearchBar+NUI.m"; sourceTree = "<group>"; };
		EBDA854717B4EAD000CF9138 /* UISegmentedControl+NUI.h */ = {isa = PBXFileReference; fileEncoding = 4; lastKnownFileType = sourcecode.c.h; path = "UISegmentedControl+NUI.h"; sourceTree = "<group>"; };
		EBDA854817B4EAD000CF9138 /* UISegmentedControl+NUI.m */ = {isa = PBXFileReference; fileEncoding = 4; lastKnownFileType = sourcecode.c.objc; path = "UISegmentedControl+NUI.m"; sourceTree = "<group>"; };
		EBDA854917B4EAD000CF9138 /* UISlider+NUI.h */ = {isa = PBXFileReference; fileEncoding = 4; lastKnownFileType = sourcecode.c.h; path = "UISlider+NUI.h"; sourceTree = "<group>"; };
		EBDA854A17B4EAD000CF9138 /* UISlider+NUI.m */ = {isa = PBXFileReference; fileEncoding = 4; lastKnownFileType = sourcecode.c.objc; path = "UISlider+NUI.m"; sourceTree = "<group>"; };
		EBDA854B17B4EAD000CF9138 /* UISwitch+NUI.h */ = {isa = PBXFileReference; fileEncoding = 4; lastKnownFileType = sourcecode.c.h; path = "UISwitch+NUI.h"; sourceTree = "<group>"; };
		EBDA854C17B4EAD000CF9138 /* UISwitch+NUI.m */ = {isa = PBXFileReference; fileEncoding = 4; lastKnownFileType = sourcecode.c.objc; path = "UISwitch+NUI.m"; sourceTree = "<group>"; };
		EBDA854D17B4EAD000CF9138 /* UITabBar+NUI.h */ = {isa = PBXFileReference; fileEncoding = 4; lastKnownFileType = sourcecode.c.h; path = "UITabBar+NUI.h"; sourceTree = "<group>"; };
		EBDA854E17B4EAD000CF9138 /* UITabBar+NUI.m */ = {isa = PBXFileReference; fileEncoding = 4; lastKnownFileType = sourcecode.c.objc; path = "UITabBar+NUI.m"; sourceTree = "<group>"; };
		EBDA854F17B4EAD000CF9138 /* UITabBarItem+NUI.h */ = {isa = PBXFileReference; fileEncoding = 4; lastKnownFileType = sourcecode.c.h; path = "UITabBarItem+NUI.h"; sourceTree = "<group>"; };
		EBDA855017B4EAD000CF9138 /* UITabBarItem+NUI.m */ = {isa = PBXFileReference; fileEncoding = 4; lastKnownFileType = sourcecode.c.objc; path = "UITabBarItem+NUI.m"; sourceTree = "<group>"; };
		EBDA855117B4EAD000CF9138 /* UITableView+NUI.h */ = {isa = PBXFileReference; fileEncoding = 4; lastKnownFileType = sourcecode.c.h; path = "UITableView+NUI.h"; sourceTree = "<group>"; };
		EBDA855217B4EAD000CF9138 /* UITableView+NUI.m */ = {isa = PBXFileReference; fileEncoding = 4; lastKnownFileType = sourcecode.c.objc; path = "UITableView+NUI.m"; sourceTree = "<group>"; };
		EBDA855317B4EAD000CF9138 /* UITableViewCell+NUI.h */ = {isa = PBXFileReference; fileEncoding = 4; lastKnownFileType = sourcecode.c.h; path = "UITableViewCell+NUI.h"; sourceTree = "<group>"; };
		EBDA855417B4EAD000CF9138 /* UITableViewCell+NUI.m */ = {isa = PBXFileReference; fileEncoding = 4; lastKnownFileType = sourcecode.c.objc; path = "UITableViewCell+NUI.m"; sourceTree = "<group>"; };
		EBDA855517B4EAD000CF9138 /* UITextField+NUI.h */ = {isa = PBXFileReference; fileEncoding = 4; lastKnownFileType = sourcecode.c.h; path = "UITextField+NUI.h"; sourceTree = "<group>"; };
		EBDA855617B4EAD000CF9138 /* UITextField+NUI.m */ = {isa = PBXFileReference; fileEncoding = 4; lastKnownFileType = sourcecode.c.objc; path = "UITextField+NUI.m"; sourceTree = "<group>"; };
		EBDA855717B4EAD000CF9138 /* UIToolbar+NUI.h */ = {isa = PBXFileReference; fileEncoding = 4; lastKnownFileType = sourcecode.c.h; path = "UIToolbar+NUI.h"; sourceTree = "<group>"; };
		EBDA855817B4EAD000CF9138 /* UIToolbar+NUI.m */ = {isa = PBXFileReference; fileEncoding = 4; lastKnownFileType = sourcecode.c.objc; path = "UIToolbar+NUI.m"; sourceTree = "<group>"; };
		EBDA855917B4EAD000CF9138 /* UIView+NUI.h */ = {isa = PBXFileReference; fileEncoding = 4; lastKnownFileType = sourcecode.c.h; path = "UIView+NUI.h"; sourceTree = "<group>"; };
		EBDA855A17B4EAD000CF9138 /* UIView+NUI.m */ = {isa = PBXFileReference; fileEncoding = 4; lastKnownFileType = sourcecode.c.objc; path = "UIView+NUI.m"; sourceTree = "<group>"; };
		EBDA855B17B4EAD000CF9138 /* UIWindow+NUI.h */ = {isa = PBXFileReference; fileEncoding = 4; lastKnownFileType = sourcecode.c.h; path = "UIWindow+NUI.h"; sourceTree = "<group>"; };
		EBDA855C17B4EAD000CF9138 /* UIWindow+NUI.m */ = {isa = PBXFileReference; fileEncoding = 4; lastKnownFileType = sourcecode.c.objc; path = "UIWindow+NUI.m"; sourceTree = "<group>"; };
/* End PBXFileReference section */

/* Begin PBXFrameworksBuildPhase section */
		1D60588F0D05DD3D006BFB54 /* Frameworks */ = {
			isa = PBXFrameworksBuildPhase;
			buildActionMask = 2147483647;
			files = (
				EBCF579517546CBE0083837B /* CoreImage.framework in Frameworks */,
				EB7CA1FA1387F40B008396E3 /* QuartzCore.framework in Frameworks */,
				1D60589F0D05DD5A006BFB54 /* Foundation.framework in Frameworks */,
				1DF5F4E00D08C38300B7A737 /* UIKit.framework in Frameworks */,
				288765A50DF7441C002DB57D /* CoreGraphics.framework in Frameworks */,
			);
			runOnlyForDeploymentPostprocessing = 0;
		};
/* End PBXFrameworksBuildPhase section */

/* Begin PBXGroup section */
		080E96DDFE201D6D7F000001 /* Classes */ = {
			isa = PBXGroup;
			children = (
				EBD392EB1220C26A00E07826 /* Constantes.h */,
				1D3623240D0F684500981E51 /* AppDelegate.h */,
				1D3623250D0F684500981E51 /* AppDelegate.m */,
				28D7ACF60DDB3853001CB0EB /* CoursesViewController.h */,
				28D7ACF70DDB3853001CB0EB /* CoursesViewController.m */,
				EBCF57A81754897F0083837B /* CoursesViewController~ipad.xib */,
				EBCF57A91754897F0083837B /* CoursesViewController~iphone.xib */,
				EBCF57A517547CFE0083837B /* DataController.h */,
				EBCF57A617547CFE0083837B /* DataController.m */,
				EBCF57A017547B0E0083837B /* GradesViewController.h */,
				EBCF57A117547B0E0083837B /* GradesViewController.m */,
				EBCF57AA1754897F0083837B /* GradesViewController~ipad.xib */,
				EBCF57AB1754897F0083837B /* GradesViewController~iphone.xib */,
			);
			path = Classes;
			sourceTree = "<group>";
		};
		19C28FACFE9D520D11CA2CBB /* Products */ = {
			isa = PBXGroup;
			children = (
				1D6058910D05DD3D006BFB54 /* Argumento.app */,
			);
			name = Products;
			sourceTree = "<group>";
		};
		29B97314FDCFA39411CA2CEA /* CustomTemplate */ = {
			isa = PBXGroup;
			children = (
				EBCF579217546C680083837B /* icon@114.png */,
				EBCF579017546C610083837B /* icon@144.png */,
				EBCF578E17546C5D0083837B /* icon@72.png */,
				EBCF578C17546C520083837B /* icon@57.png */,
				EBCF578A17546C420083837B /* Default-568h@2x.png */,
				29B97323FDCFA39411CA2CEA /* Frameworks */,
				EBCF578917546C0C0083837B /* Libraries */,
				080E96DDFE201D6D7F000001 /* Classes */,
				29B97317FDCFA39411CA2CEA /* Resources */,
				EBCF56DF17546B7B0083837B /* Data */,
				19C28FACFE9D520D11CA2CBB /* Products */,
			);
			name = CustomTemplate;
			sourceTree = "<group>";
		};
		29B97317FDCFA39411CA2CEA /* Resources */ = {
			isa = PBXGroup;
			children = (
				EBCF56E617546BB00083837B /* Argumento_Prefix.pch */,
				EBCF56E717546BB00083837B /* main.m */,
				EBCF56E817546BB00083837B /* Settings.bundle */,
				EBCF56E917546BB00083837B /* Argumento-Info.plist */,
			);
			name = Resources;
			sourceTree = "<group>";
		};
		29B97323FDCFA39411CA2CEA /* Frameworks */ = {
			isa = PBXGroup;
			children = (
				EBCF579417546CBE0083837B /* CoreImage.framework */,
				EB7CA1F91387F40B008396E3 /* QuartzCore.framework */,
				1DF5F4DF0D08C38300B7A737 /* UIKit.framework */,
				1D30AB110D05D00D00671497 /* Foundation.framework */,
				288765A40DF7441C002DB57D /* CoreGraphics.framework */,
			);
			name = Frameworks;
			sourceTree = "<group>";
		};
		EBCF56DF17546B7B0083837B /* Data */ = {
			isa = PBXGroup;
			children = (
				EBCF579617546D3B0083837B /* 2007 */,
				EBCF579717546D630083837B /* 2008 */,
				EBCF579C17546D750083837B /* 2009 */,
			);
			name = Data;
			sourceTree = "<group>";
		};
		EBCF578917546C0C0083837B /* Libraries */ = {
			isa = PBXGroup;
			children = (
				EBDA84F017B4EAD000CF9138 /* NUI */,
			);
			name = Libraries;
			sourceTree = "<group>";
		};
		EBCF579617546D3B0083837B /* 2007 */ = {
			isa = PBXGroup;
			children = (
				EBCF56D717546B770083837B /* cursos_2007.xml */,
				EBCF56D917546B770083837B /* medias_2007.xml */,
			);
			name = 2007;
			sourceTree = "<group>";
		};
		EBCF579717546D630083837B /* 2008 */ = {
			isa = PBXGroup;
			children = (
				EBCF56D817546B770083837B /* cursos_2008.xml */,
				EBCF56DA17546B770083837B /* medias_2008.xml */,
			);
			name = 2008;
			sourceTree = "<group>";
		};
		EBCF579C17546D750083837B /* 2009 */ = {
			isa = PBXGroup;
			children = (
				EBCF579817546D710083837B /* cursos_2009.xml */,
				EBCF579917546D710083837B /* medias_2009.xml */,
			);
			name = 2009;
			sourceTree = "<group>";
		};
		EBDA84F017B4EAD000CF9138 /* NUI */ = {
			isa = PBXGroup;
			children = (
				EBDA84F117B4EAD000CF9138 /* Core */,
				EBDA852B17B4EAD000CF9138 /* NUIStyle.nss */,
				EBDA852C17B4EAD000CF9138 /* Resources */,
				EBDA852E17B4EAD000CF9138 /* Themes */,
				EBDA853617B4EAD000CF9138 /* UI */,
			);
			path = NUI;
			sourceTree = "<group>";
		};
		EBDA84F117B4EAD000CF9138 /* Core */ = {
			isa = PBXGroup;
			children = (
				EBDA84F217B4EAD000CF9138 /* NUIAppearance.h */,
				EBDA84F317B4EAD000CF9138 /* NUIAppearance.m */,
				EBDA84F417B4EAD000CF9138 /* NUIConverter.h */,
				EBDA84F517B4EAD000CF9138 /* NUIConverter.m */,
				EBDA84F617B4EAD000CF9138 /* NUIFileMonitor.h */,
				EBDA84F717B4EAD000CF9138 /* NUIFileMonitor.m */,
				EBDA84F817B4EAD000CF9138 /* NUIGraphics.h */,
				EBDA84F917B4EAD000CF9138 /* NUIGraphics.m */,
				EBDA84FA17B4EAD000CF9138 /* NUIRenderer.h */,
				EBDA84FB17B4EAD000CF9138 /* NUIRenderer.m */,
				EBDA84FC17B4EAD000CF9138 /* NUISettings.h */,
				EBDA84FD17B4EAD000CF9138 /* NUISettings.m */,
				EBDA84FE17B4EAD000CF9138 /* NUIStyleParser.h */,
				EBDA84FF17B4EAD000CF9138 /* NUIStyleParser.m */,
				EBDA850017B4EAD000CF9138 /* NUISwizzler.h */,
				EBDA850117B4EAD000CF9138 /* NUISwizzler.m */,
				EBDA850217B4EAD000CF9138 /* NUIUtilities.h */,
				EBDA850317B4EAD000CF9138 /* NUIUtilities.m */,
				EBDA850417B4EAD000CF9138 /* Renderers */,
			);
			path = Core;
			sourceTree = "<group>";
		};
		EBDA850417B4EAD000CF9138 /* Renderers */ = {
			isa = PBXGroup;
			children = (
				EBDA850517B4EAD000CF9138 /* NUIBarButtonItemRenderer.h */,
				EBDA850617B4EAD000CF9138 /* NUIBarButtonItemRenderer.m */,
				EBDA850717B4EAD000CF9138 /* NUIButtonRenderer.h */,
				EBDA850817B4EAD000CF9138 /* NUIButtonRenderer.m */,
				EBDA850917B4EAD000CF9138 /* NUIControlRenderer.h */,
				EBDA850A17B4EAD000CF9138 /* NUIControlRenderer.m */,
				EBDA850B17B4EAD000CF9138 /* NUILabelRenderer.h */,
				EBDA850C17B4EAD000CF9138 /* NUILabelRenderer.m */,
				EBDA850D17B4EAD000CF9138 /* NUINavigationBarRenderer.h */,
				EBDA850E17B4EAD000CF9138 /* NUINavigationBarRenderer.m */,
				EBDA850F17B4EAD000CF9138 /* NUINavigationItemRenderer.h */,
				EBDA851017B4EAD000CF9138 /* NUINavigationItemRenderer.m */,
				EBDA851117B4EAD000CF9138 /* NUIProgressViewRenderer.h */,
				EBDA851217B4EAD000CF9138 /* NUIProgressViewRenderer.m */,
				EBDA851317B4EAD000CF9138 /* NUISearchBarRenderer.h */,
				EBDA851417B4EAD000CF9138 /* NUISearchBarRenderer.m */,
				EBDA851517B4EAD000CF9138 /* NUISegmentedControlRenderer.h */,
				EBDA851617B4EAD000CF9138 /* NUISegmentedControlRenderer.m */,
				EBDA851717B4EAD000CF9138 /* NUISliderRenderer.h */,
				EBDA851817B4EAD000CF9138 /* NUISliderRenderer.m */,
				EBDA851917B4EAD000CF9138 /* NUISwitchRenderer.h */,
				EBDA851A17B4EAD000CF9138 /* NUISwitchRenderer.m */,
				EBDA851B17B4EAD000CF9138 /* NUITabBarItemRenderer.h */,
				EBDA851C17B4EAD000CF9138 /* NUITabBarItemRenderer.m */,
				EBDA851D17B4EAD000CF9138 /* NUITabBarRenderer.h */,
				EBDA851E17B4EAD000CF9138 /* NUITabBarRenderer.m */,
				EBDA851F17B4EAD000CF9138 /* NUITableViewCellRenderer.h */,
				EBDA852017B4EAD000CF9138 /* NUITableViewCellRenderer.m */,
				EBDA852117B4EAD000CF9138 /* NUITableViewRenderer.h */,
				EBDA852217B4EAD000CF9138 /* NUITableViewRenderer.m */,
				EBDA852317B4EAD000CF9138 /* NUITextFieldRenderer.h */,
				EBDA852417B4EAD000CF9138 /* NUITextFieldRenderer.m */,
				EBDA852517B4EAD000CF9138 /* NUIToolbarRenderer.h */,
				EBDA852617B4EAD000CF9138 /* NUIToolbarRenderer.m */,
				EBDA852717B4EAD000CF9138 /* NUIViewRenderer.h */,
				EBDA852817B4EAD000CF9138 /* NUIViewRenderer.m */,
				EBDA852917B4EAD000CF9138 /* NUIWindowRenderer.h */,
				EBDA852A17B4EAD000CF9138 /* NUIWindowRenderer.m */,
			);
			path = Renderers;
			sourceTree = "<group>";
		};
		EBDA852C17B4EAD000CF9138 /* Resources */ = {
			isa = PBXGroup;
			children = (
				EBDA852D17B4EAD000CF9138 /* NUIViewBackground.png */,
			);
			path = Resources;
			sourceTree = "<group>";
		};
		EBDA852E17B4EAD000CF9138 /* Themes */ = {
			isa = PBXGroup;
			children = (
				EBDA852F17B4EAD000CF9138 /* Blue.NUI.nss */,
				EBDA853017B4EAD000CF9138 /* Default.NUI.nss */,
				EBDA853117B4EAD000CF9138 /* Googolplex.NUI.nss */,
				EBDA853217B4EAD000CF9138 /* Round.NUI.nss */,
				EBDA853317B4EAD000CF9138 /* Route.NUI.nss */,
				EBDA853417B4EAD000CF9138 /* SkyBlue.NUI.nss */,
				EBDA853517B4EAD000CF9138 /* Switchboard.NUI.nss */,
			);
			path = Themes;
			sourceTree = "<group>";
		};
		EBDA853617B4EAD000CF9138 /* UI */ = {
			isa = PBXGroup;
			children = (
				EBDA853717B4EAD000CF9138 /* UIBarButtonItem+NUI.h */,
				EBDA853817B4EAD000CF9138 /* UIBarButtonItem+NUI.m */,
				EBDA853917B4EAD000CF9138 /* UIButton+NUI.h */,
				EBDA853A17B4EAD000CF9138 /* UIButton+NUI.m */,
				EBDA853B17B4EAD000CF9138 /* UIControl+NUI.h */,
				EBDA853C17B4EAD000CF9138 /* UIControl+NUI.m */,
				EBDA853D17B4EAD000CF9138 /* UILabel+NUI.h */,
				EBDA853E17B4EAD000CF9138 /* UILabel+NUI.m */,
				EBDA853F17B4EAD000CF9138 /* UINavigationBar+NUI.h */,
				EBDA854017B4EAD000CF9138 /* UINavigationBar+NUI.m */,
				EBDA854117B4EAD000CF9138 /* UINavigationItem+NUI.h */,
				EBDA854217B4EAD000CF9138 /* UINavigationItem+NUI.m */,
				EBDA854317B4EAD000CF9138 /* UIProgressView+NUI.h */,
				EBDA854417B4EAD000CF9138 /* UIProgressView+NUI.m */,
				EBDA854517B4EAD000CF9138 /* UISearchBar+NUI.h */,
				EBDA854617B4EAD000CF9138 /* UISearchBar+NUI.m */,
				EBDA854717B4EAD000CF9138 /* UISegmentedControl+NUI.h */,
				EBDA854817B4EAD000CF9138 /* UISegmentedControl+NUI.m */,
				EBDA854917B4EAD000CF9138 /* UISlider+NUI.h */,
				EBDA854A17B4EAD000CF9138 /* UISlider+NUI.m */,
				EBDA854B17B4EAD000CF9138 /* UISwitch+NUI.h */,
				EBDA854C17B4EAD000CF9138 /* UISwitch+NUI.m */,
				EBDA854D17B4EAD000CF9138 /* UITabBar+NUI.h */,
				EBDA854E17B4EAD000CF9138 /* UITabBar+NUI.m */,
				EBDA854F17B4EAD000CF9138 /* UITabBarItem+NUI.h */,
				EBDA855017B4EAD000CF9138 /* UITabBarItem+NUI.m */,
				EBDA855117B4EAD000CF9138 /* UITableView+NUI.h */,
				EBDA855217B4EAD000CF9138 /* UITableView+NUI.m */,
				EBDA855317B4EAD000CF9138 /* UITableViewCell+NUI.h */,
				EBDA855417B4EAD000CF9138 /* UITableViewCell+NUI.m */,
				EBDA855517B4EAD000CF9138 /* UITextField+NUI.h */,
				EBDA855617B4EAD000CF9138 /* UITextField+NUI.m */,
				EBDA855717B4EAD000CF9138 /* UIToolbar+NUI.h */,
				EBDA855817B4EAD000CF9138 /* UIToolbar+NUI.m */,
				EBDA855917B4EAD000CF9138 /* UIView+NUI.h */,
				EBDA855A17B4EAD000CF9138 /* UIView+NUI.m */,
				EBDA855B17B4EAD000CF9138 /* UIWindow+NUI.h */,
				EBDA855C17B4EAD000CF9138 /* UIWindow+NUI.m */,
			);
			path = UI;
			sourceTree = "<group>";
		};
/* End PBXGroup section */

/* Begin PBXNativeTarget section */
		1D6058900D05DD3D006BFB54 /* Argumento */ = {
			isa = PBXNativeTarget;
			buildConfigurationList = 1D6058960D05DD3E006BFB54 /* Build configuration list for PBXNativeTarget "Argumento" */;
			buildPhases = (
				1D60588D0D05DD3D006BFB54 /* Resources */,
				1D60588E0D05DD3D006BFB54 /* Sources */,
				1D60588F0D05DD3D006BFB54 /* Frameworks */,
			);
			buildRules = (
			);
			dependencies = (
			);
			name = Argumento;
			productName = "Argumento UNB:PAS";
			productReference = 1D6058910D05DD3D006BFB54 /* Argumento.app */;
			productType = "com.apple.product-type.application";
		};
/* End PBXNativeTarget section */

/* Begin PBXProject section */
		29B97313FDCFA39411CA2CEA /* Project object */ = {
			isa = PBXProject;
			attributes = {
				LastUpgradeCheck = 0460;
			};
			buildConfigurationList = C01FCF4E08A954540054247B /* Build configuration list for PBXProject "Argumento" */;
			compatibilityVersion = "Xcode 3.2";
			developmentRegion = English;
			hasScannedForEncodings = 1;
			knownRegions = (
				English,
				Japanese,
				French,
				German,
				pt,
			);
			mainGroup = 29B97314FDCFA39411CA2CEA /* CustomTemplate */;
			projectDirPath = "";
			projectRoot = "";
			targets = (
				1D6058900D05DD3D006BFB54 /* Argumento */,
			);
		};
/* End PBXProject section */

/* Begin PBXResourcesBuildPhase section */
		1D60588D0D05DD3D006BFB54 /* Resources */ = {
			isa = PBXResourcesBuildPhase;
			buildActionMask = 2147483647;
			files = (
				EBCF56DB17546B770083837B /* cursos_2007.xml in Resources */,
				EBCF56DC17546B770083837B /* cursos_2008.xml in Resources */,
				EBCF56DD17546B770083837B /* medias_2007.xml in Resources */,
				EBCF56DE17546B770083837B /* medias_2008.xml in Resources */,
				EBCF578B17546C420083837B /* Default-568h@2x.png in Resources */,
				EBCF578D17546C520083837B /* icon@57.png in Resources */,
				EBCF578F17546C5D0083837B /* icon@72.png in Resources */,
				EBCF579117546C610083837B /* icon@144.png in Resources */,
				EBCF579317546C680083837B /* icon@114.png in Resources */,
				EBCF579A17546D710083837B /* cursos_2009.xml in Resources */,
				EBCF579B17546D710083837B /* medias_2009.xml in Resources */,
				EBCF57AC175489800083837B /* CoursesViewController~ipad.xib in Resources */,
				EBCF57AD175489800083837B /* CoursesViewController~iphone.xib in Resources */,
				EBCF57AE175489800083837B /* GradesViewController~ipad.xib in Resources */,
				EBCF57AF175489800083837B /* GradesViewController~iphone.xib in Resources */,
				EBDA857917B4EAD000CF9138 /* NUIStyle.nss in Resources */,
				EBDA857A17B4EAD000CF9138 /* NUIViewBackground.png in Resources */,
				EBDA857B17B4EAD000CF9138 /* Blue.NUI.nss in Resources */,
				EBDA857C17B4EAD000CF9138 /* Default.NUI.nss in Resources */,
				EBDA857D17B4EAD000CF9138 /* Googolplex.NUI.nss in Resources */,
				EBDA857E17B4EAD000CF9138 /* Round.NUI.nss in Resources */,
				EBDA857F17B4EAD000CF9138 /* Route.NUI.nss in Resources */,
				EBDA858017B4EAD000CF9138 /* SkyBlue.NUI.nss in Resources */,
				EBDA858117B4EAD000CF9138 /* Switchboard.NUI.nss in Resources */,
			);
			runOnlyForDeploymentPostprocessing = 0;
		};
/* End PBXResourcesBuildPhase section */

/* Begin PBXSourcesBuildPhase section */
		1D60588E0D05DD3D006BFB54 /* Sources */ = {
			isa = PBXSourcesBuildPhase;
			buildActionMask = 2147483647;
			files = (
				EBCF579F175471D50083837B /* main.m in Sources */,
				1D3623260D0F684500981E51 /* AppDelegate.m in Sources */,
				28D7ACF80DDB3853001CB0EB /* CoursesViewController.m in Sources */,
				EBCF57A317547B0E0083837B /* GradesViewController.m in Sources */,
				EBCF57A717547CFE0083837B /* DataController.m in Sources */,
				EBDA855D17B4EAD000CF9138 /* NUIAppearance.m in Sources */,
				EBDA855E17B4EAD000CF9138 /* NUIConverter.m in Sources */,
				EBDA855F17B4EAD000CF9138 /* NUIFileMonitor.m in Sources */,
				EBDA856017B4EAD000CF9138 /* NUIGraphics.m in Sources */,
				EBDA856117B4EAD000CF9138 /* NUIRenderer.m in Sources */,
				EBDA856217B4EAD000CF9138 /* NUISettings.m in Sources */,
				EBDA856317B4EAD000CF9138 /* NUIStyleParser.m in Sources */,
				EBDA856417B4EAD000CF9138 /* NUISwizzler.m in Sources */,
				EBDA856517B4EAD000CF9138 /* NUIUtilities.m in Sources */,
				EBDA856617B4EAD000CF9138 /* NUIBarButtonItemRenderer.m in Sources */,
				EBDA856717B4EAD000CF9138 /* NUIButtonRenderer.m in Sources */,
				EBDA856817B4EAD000CF9138 /* NUIControlRenderer.m in Sources */,
				EBDA856917B4EAD000CF9138 /* NUILabelRenderer.m in Sources */,
				EBDA856A17B4EAD000CF9138 /* NUINavigationBarRenderer.m in Sources */,
				EBDA856B17B4EAD000CF9138 /* NUINavigationItemRenderer.m in Sources */,
				EBDA856C17B4EAD000CF9138 /* NUIProgressViewRenderer.m in Sources */,
				EBDA856D17B4EAD000CF9138 /* NUISearchBarRenderer.m in Sources */,
				EBDA856E17B4EAD000CF9138 /* NUISegmentedControlRenderer.m in Sources */,
				EBDA856F17B4EAD000CF9138 /* NUISliderRenderer.m in Sources */,
				EBDA857017B4EAD000CF9138 /* NUISwitchRenderer.m in Sources */,
				EBDA857117B4EAD000CF9138 /* NUITabBarItemRenderer.m in Sources */,
				EBDA857217B4EAD000CF9138 /* NUITabBarRenderer.m in Sources */,
				EBDA857317B4EAD000CF9138 /* NUITableViewCellRenderer.m in Sources */,
				EBDA857417B4EAD000CF9138 /* NUITableViewRenderer.m in Sources */,
				EBDA857517B4EAD000CF9138 /* NUITextFieldRenderer.m in Sources */,
				EBDA857617B4EAD000CF9138 /* NUIToolbarRenderer.m in Sources */,
				EBDA857717B4EAD000CF9138 /* NUIViewRenderer.m in Sources */,
				EBDA857817B4EAD000CF9138 /* NUIWindowRenderer.m in Sources */,
				EBDA858217B4EAD000CF9138 /* UIBarButtonItem+NUI.m in Sources */,
				EBDA858317B4EAD000CF9138 /* UIButton+NUI.m in Sources */,
				EBDA858417B4EAD000CF9138 /* UIControl+NUI.m in Sources */,
				EBDA858517B4EAD000CF9138 /* UILabel+NUI.m in Sources */,
				EBDA858617B4EAD000CF9138 /* UINavigationBar+NUI.m in Sources */,
				EBDA858717B4EAD000CF9138 /* UINavigationItem+NUI.m in Sources */,
				EBDA858817B4EAD000CF9138 /* UIProgressView+NUI.m in Sources */,
				EBDA858917B4EAD000CF9138 /* UISearchBar+NUI.m in Sources */,
				EBDA858A17B4EAD000CF9138 /* UISegmentedControl+NUI.m in Sources */,
				EBDA858B17B4EAD000CF9138 /* UISlider+NUI.m in Sources */,
				EBDA858C17B4EAD000CF9138 /* UISwitch+NUI.m in Sources */,
				EBDA858D17B4EAD000CF9138 /* UITabBar+NUI.m in Sources */,
				EBDA858E17B4EAD000CF9138 /* UITabBarItem+NUI.m in Sources */,
				EBDA858F17B4EAD000CF9138 /* UITableView+NUI.m in Sources */,
				EBDA859017B4EAD000CF9138 /* UITableViewCell+NUI.m in Sources */,
				EBDA859117B4EAD000CF9138 /* UITextField+NUI.m in Sources */,
				EBDA859217B4EAD000CF9138 /* UIToolbar+NUI.m in Sources */,
				EBDA859317B4EAD000CF9138 /* UIView+NUI.m in Sources */,
				EBDA859417B4EAD000CF9138 /* UIWindow+NUI.m in Sources */,
			);
			runOnlyForDeploymentPostprocessing = 0;
		};
/* End PBXSourcesBuildPhase section */

/* Begin XCBuildConfiguration section */
		1D6058940D05DD3E006BFB54 /* Debug */ = {
			isa = XCBuildConfiguration;
			buildSettings = {
				ALWAYS_SEARCH_USER_PATHS = NO;
				ARCHS = "$(ARCHS_STANDARD_32_BIT)";
				CODE_SIGN_IDENTITY = "iPhone Developer";
				COPY_PHASE_STRIP = NO;
				GCC_DYNAMIC_NO_PIC = NO;
				GCC_OPTIMIZATION_LEVEL = 0;
				GCC_PRECOMPILE_PREFIX_HEADER = YES;
				GCC_PREFIX_HEADER = Resources/Argumento_Prefix.pch;
				INFOPLIST_FILE = "$(SRCROOT)/Resources/Argumento-Info.plist";
				IPHONEOS_DEPLOYMENT_TARGET = 5.0;
				PRODUCT_NAME = Argumento;
				PROVISIONING_PROFILE = "";
				SDKROOT = iphoneos;
			};
			name = Debug;
		};
		1D6058950D05DD3E006BFB54 /* Release */ = {
			isa = XCBuildConfiguration;
			buildSettings = {
				ALWAYS_SEARCH_USER_PATHS = NO;
				ARCHS = "$(ARCHS_STANDARD_32_BIT)";
				CODE_SIGN_IDENTITY = "iPhone Developer";
				COPY_PHASE_STRIP = YES;
				GCC_PRECOMPILE_PREFIX_HEADER = YES;
				GCC_PREFIX_HEADER = Resources/Argumento_Prefix.pch;
				INFOPLIST_FILE = "$(SRCROOT)/Resources/Argumento-Info.plist";
				IPHONEOS_DEPLOYMENT_TARGET = 5.0;
				PRODUCT_NAME = Argumento;
				PROVISIONING_PROFILE = "";
				SDKROOT = iphoneos;
				VALIDATE_PRODUCT = YES;
			};
			name = Release;
		};
		C01FCF4F08A954540054247B /* Debug */ = {
			isa = XCBuildConfiguration;
			buildSettings = {
				ARCHS = "$(ARCHS_STANDARD_32_BIT)";
				CODE_SIGN_IDENTITY = "iPhone Developer";
				"CODE_SIGN_IDENTITY[sdk=iphoneos*]" = "iPhone Distribution";
				GCC_C_LANGUAGE_STANDARD = c99;
				GCC_WARN_ABOUT_RETURN_TYPE = YES;
				GCC_WARN_UNUSED_VARIABLE = YES;
				IPHONEOS_DEPLOYMENT_TARGET = 3.1.3;
				PROVISIONING_PROFILE = "";
				"PROVISIONING_PROFILE[sdk=iphoneos*]" = "";
				SDKROOT = iphoneos;
				TARGETED_DEVICE_FAMILY = "1,2";
				VALIDATE_PRODUCT = YES;
			};
			name = Debug;
		};
		C01FCF5008A954540054247B /* Release */ = {
			isa = XCBuildConfiguration;
			buildSettings = {
				ARCHS = "$(ARCHS_STANDARD_32_BIT)";
				CODE_SIGN_IDENTITY = "iPhone Developer";
				"CODE_SIGN_IDENTITY[sdk=*]" = "iPhone Distribution";
				GCC_C_LANGUAGE_STANDARD = c99;
				GCC_WARN_ABOUT_RETURN_TYPE = YES;
				GCC_WARN_UNUSED_VARIABLE = YES;
				IPHONEOS_DEPLOYMENT_TARGET = 3.1.3;
				OTHER_CFLAGS = "-DNS_BLOCK_ASSERTIONS=1";
				PROVISIONING_PROFILE = "";
				"PROVISIONING_PROFILE[sdk=*]" = "";
				SDKROOT = iphoneos;
				TARGETED_DEVICE_FAMILY = "1,2";
				VALIDATE_PRODUCT = YES;
			};
			name = Release;
		};
/* End XCBuildConfiguration section */

/* Begin XCConfigurationList section */
		1D6058960D05DD3E006BFB54 /* Build configuration list for PBXNativeTarget "Argumento" */ = {
			isa = XCConfigurationList;
			buildConfigurations = (
				1D6058940D05DD3E006BFB54 /* Debug */,
				1D6058950D05DD3E006BFB54 /* Release */,
			);
			defaultConfigurationIsVisible = 0;
			defaultConfigurationName = Release;
		};
		C01FCF4E08A954540054247B /* Build configuration list for PBXProject "Argumento" */ = {
			isa = XCConfigurationList;
			buildConfigurations = (
				C01FCF4F08A954540054247B /* Debug */,
				C01FCF5008A954540054247B /* Release */,
			);
			defaultConfigurationIsVisible = 0;
			defaultConfigurationName = Release;
		};
/* End XCConfigurationList section */
	};
	rootObject = 29B97313FDCFA39411CA2CEA /* Project object */;
}
