// !$*UTF8*$!
{
	archiveVersion = 1;
	classes = {
	};
	objectVersion = 46;
	objects = {

/* Begin PBXBuildFile section */
		1D3623260D0F684500981E51 /* ArgumentoAppDelegate.m in Sources */ = {isa = PBXBuildFile; fileRef = 1D3623250D0F684500981E51 /* ArgumentoAppDelegate.m */; };
		1D60589B0D05DD56006BFB54 /* main.m in Sources */ = {isa = PBXBuildFile; fileRef = 29B97316FDCFA39411CA2CEA /* main.m */; };
		1D60589F0D05DD5A006BFB54 /* Foundation.framework in Frameworks */ = {isa = PBXBuildFile; fileRef = 1D30AB110D05D00D00671497 /* Foundation.framework */; };
		1DF5F4E00D08C38300B7A737 /* UIKit.framework in Frameworks */ = {isa = PBXBuildFile; fileRef = 1DF5F4DF0D08C38300B7A737 /* UIKit.framework */; };
		288765A50DF7441C002DB57D /* CoreGraphics.framework in Frameworks */ = {isa = PBXBuildFile; fileRef = 288765A40DF7441C002DB57D /* CoreGraphics.framework */; };
		28AD733F0D9D9553002E5188 /* MainWindow.xib in Resources */ = {isa = PBXBuildFile; fileRef = 28AD733E0D9D9553002E5188 /* MainWindow.xib */; };
		28D7ACF80DDB3853001CB0EB /* ArgumentoViewController.m in Sources */ = {isa = PBXBuildFile; fileRef = 28D7ACF70DDB3853001CB0EB /* ArgumentoViewController.m */; };
		EB467BBE1548DCE500B2CE8D /* ArgumentoViewController.xib in Resources */ = {isa = PBXBuildFile; fileRef = EB467BC01548DCE500B2CE8D /* ArgumentoViewController.xib */; };
		EB7CA1F01387F20A008396E3 /* Settings.bundle in Resources */ = {isa = PBXBuildFile; fileRef = EB7CA1EF1387F209008396E3 /* Settings.bundle */; };
		EB7CA1FA1387F40B008396E3 /* QuartzCore.framework in Frameworks */ = {isa = PBXBuildFile; fileRef = EB7CA1F91387F40B008396E3 /* QuartzCore.framework */; };
		EBEB3D3B12BD1C6D00A856AB /* iPadWindow.xib in Resources */ = {isa = PBXBuildFile; fileRef = EBEB3D3A12BD1C6D00A856AB /* iPadWindow.xib */; };
		EBEB3D4612BD1D1F00A856AB /* ArgumentoiPadViewController.xib in Resources */ = {isa = PBXBuildFile; fileRef = EBEB3D4512BD1D1F00A856AB /* ArgumentoiPadViewController.xib */; };
		EBF1C4BD122354C7001A2BB9 /* icon57.png in Resources */ = {isa = PBXBuildFile; fileRef = EBF1C4BC122354C7001A2BB9 /* icon57.png */; };
		EBFA679512BD341600EA3262 /* icon58.png in Resources */ = {isa = PBXBuildFile; fileRef = EBFA679412BD341600EA3262 /* icon58.png */; };
		EBFF07971387F9940055D6BD /* cursos_2007.xml in Resources */ = {isa = PBXBuildFile; fileRef = EBFF07931387F9940055D6BD /* cursos_2007.xml */; };
		EBFF07981387F9940055D6BD /* cursos_2008.xml in Resources */ = {isa = PBXBuildFile; fileRef = EBFF07941387F9940055D6BD /* cursos_2008.xml */; };
		EBFF07991387F9940055D6BD /* medias_2007.xml in Resources */ = {isa = PBXBuildFile; fileRef = EBFF07951387F9940055D6BD /* medias_2007.xml */; };
		EBFF079A1387F9940055D6BD /* medias_2008.xml in Resources */ = {isa = PBXBuildFile; fileRef = EBFF07961387F9940055D6BD /* medias_2008.xml */; };
/* End PBXBuildFile section */

/* Begin PBXFileReference section */
		1D30AB110D05D00D00671497 /* Foundation.framework */ = {isa = PBXFileReference; lastKnownFileType = wrapper.framework; name = Foundation.framework; path = System/Library/Frameworks/Foundation.framework; sourceTree = SDKROOT; };
		1D3623240D0F684500981E51 /* ArgumentoAppDelegate.h */ = {isa = PBXFileReference; fileEncoding = 4; lastKnownFileType = sourcecode.c.h; path = ArgumentoAppDelegate.h; sourceTree = "<group>"; };
		1D3623250D0F684500981E51 /* ArgumentoAppDelegate.m */ = {isa = PBXFileReference; fileEncoding = 4; lastKnownFileType = sourcecode.c.objc; path = ArgumentoAppDelegate.m; sourceTree = "<group>"; };
		1D6058910D05DD3D006BFB54 /* Argumento.app */ = {isa = PBXFileReference; explicitFileType = wrapper.application; includeInIndex = 0; path = Argumento.app; sourceTree = BUILT_PRODUCTS_DIR; };
		1DF5F4DF0D08C38300B7A737 /* UIKit.framework */ = {isa = PBXFileReference; lastKnownFileType = wrapper.framework; name = UIKit.framework; path = System/Library/Frameworks/UIKit.framework; sourceTree = SDKROOT; };
		288765A40DF7441C002DB57D /* CoreGraphics.framework */ = {isa = PBXFileReference; lastKnownFileType = wrapper.framework; name = CoreGraphics.framework; path = System/Library/Frameworks/CoreGraphics.framework; sourceTree = SDKROOT; };
		28AD733E0D9D9553002E5188 /* MainWindow.xib */ = {isa = PBXFileReference; lastKnownFileType = file.xib; path = MainWindow.xib; sourceTree = "<group>"; };
		28D7ACF60DDB3853001CB0EB /* ArgumentoViewController.h */ = {isa = PBXFileReference; fileEncoding = 4; lastKnownFileType = sourcecode.c.h; path = ArgumentoViewController.h; sourceTree = "<group>"; };
		28D7ACF70DDB3853001CB0EB /* ArgumentoViewController.m */ = {isa = PBXFileReference; fileEncoding = 4; lastKnownFileType = sourcecode.c.objc; path = ArgumentoViewController.m; sourceTree = "<group>"; };
		29B97316FDCFA39411CA2CEA /* main.m */ = {isa = PBXFileReference; fileEncoding = 4; lastKnownFileType = sourcecode.c.objc; path = main.m; sourceTree = "<group>"; };
		32CA4F630368D1EE00C91783 /* Argumento_Prefix.pch */ = {isa = PBXFileReference; fileEncoding = 4; lastKnownFileType = sourcecode.c.h; path = Argumento_Prefix.pch; sourceTree = "<group>"; };
		8D1107310486CEB800E47090 /* Argumento-Info.plist */ = {isa = PBXFileReference; fileEncoding = 4; lastKnownFileType = text.plist.xml; path = "Argumento-Info.plist"; plistStructureDefinitionIdentifier = "com.apple.xcode.plist.structure-definition.iphone.info-plist"; sourceTree = "<group>"; };
		EB467BBF1548DCE500B2CE8D /* en */ = {isa = PBXFileReference; lastKnownFileType = file.xib; name = en; path = en.lproj/ArgumentoViewController.xib; sourceTree = "<group>"; };
		EB467BC11548DD2300B2CE8D /* pt */ = {isa = PBXFileReference; lastKnownFileType = file.xib; name = pt; path = pt.lproj/ArgumentoViewController.xib; sourceTree = "<group>"; };
		EB7CA1EF1387F209008396E3 /* Settings.bundle */ = {isa = PBXFileReference; lastKnownFileType = "wrapper.plug-in"; path = Settings.bundle; sourceTree = "<group>"; };
		EB7CA1F91387F40B008396E3 /* QuartzCore.framework */ = {isa = PBXFileReference; lastKnownFileType = wrapper.framework; name = QuartzCore.framework; path = System/Library/Frameworks/QuartzCore.framework; sourceTree = SDKROOT; };
		EBD392EB1220C26A00E07826 /* Constantes.h */ = {isa = PBXFileReference; fileEncoding = 4; lastKnownFileType = sourcecode.c.h; path = Constantes.h; sourceTree = "<group>"; };
		EBEB3D3A12BD1C6D00A856AB /* iPadWindow.xib */ = {isa = PBXFileReference; lastKnownFileType = file.xib; path = iPadWindow.xib; sourceTree = "<group>"; };
		EBEB3D4512BD1D1F00A856AB /* ArgumentoiPadViewController.xib */ = {isa = PBXFileReference; lastKnownFileType = file.xib; path = ArgumentoiPadViewController.xib; sourceTree = "<group>"; };
		EBF1C4BC122354C7001A2BB9 /* icon57.png */ = {isa = PBXFileReference; lastKnownFileType = image.png; path = icon57.png; sourceTree = "<group>"; };
		EBFA679412BD341600EA3262 /* icon58.png */ = {isa = PBXFileReference; lastKnownFileType = image.png; path = icon58.png; sourceTree = "<group>"; };
		EBFF07931387F9940055D6BD /* cursos_2007.xml */ = {isa = PBXFileReference; fileEncoding = 4; lastKnownFileType = text.xml; path = cursos_2007.xml; sourceTree = "<group>"; };
		EBFF07941387F9940055D6BD /* cursos_2008.xml */ = {isa = PBXFileReference; fileEncoding = 4; lastKnownFileType = text.xml; path = cursos_2008.xml; sourceTree = "<group>"; };
		EBFF07951387F9940055D6BD /* medias_2007.xml */ = {isa = PBXFileReference; fileEncoding = 4; lastKnownFileType = text.xml; path = medias_2007.xml; sourceTree = "<group>"; };
		EBFF07961387F9940055D6BD /* medias_2008.xml */ = {isa = PBXFileReference; fileEncoding = 4; lastKnownFileType = text.xml; path = medias_2008.xml; sourceTree = "<group>"; };
/* End PBXFileReference section */

/* Begin PBXFrameworksBuildPhase section */
		1D60588F0D05DD3D006BFB54 /* Frameworks */ = {
			isa = PBXFrameworksBuildPhase;
			buildActionMask = 2147483647;
			files = (
				EB7CA1FA1387F40B008396E3 /* QuartzCore.framework in Frameworks */,
				1D60589F0D05DD5A006BFB54 /* Foundation.framework in Frameworks */,
				1DF5F4E00D08C38300B7A737 /* UIKit.framework in Frameworks */,
				288765A50DF7441C002DB57D /* CoreGraphics.framework in Frameworks */,
			);
			runOnlyForDeploymentPostprocessing = 0;
		};
/* End PBXFrameworksBuildPhase section */

/* Begin PBXGroup section */
		080E96DDFE201D6D7F000001 /* Classes */ = {
			isa = PBXGroup;
			children = (
				EBD392EB1220C26A00E07826 /* Constantes.h */,
				1D3623240D0F684500981E51 /* ArgumentoAppDelegate.h */,
				1D3623250D0F684500981E51 /* ArgumentoAppDelegate.m */,
				28D7ACF60DDB3853001CB0EB /* ArgumentoViewController.h */,
				28D7ACF70DDB3853001CB0EB /* ArgumentoViewController.m */,
			);
			path = Classes;
			sourceTree = "<group>";
		};
		19C28FACFE9D520D11CA2CBB /* Products */ = {
			isa = PBXGroup;
			children = (
				1D6058910D05DD3D006BFB54 /* Argumento.app */,
			);
			name = Products;
			sourceTree = "<group>";
		};
		29B97314FDCFA39411CA2CEA /* CustomTemplate */ = {
			isa = PBXGroup;
			children = (
				080E96DDFE201D6D7F000001 /* Classes */,
				29B97315FDCFA39411CA2CEA /* Other Sources */,
				29B97317FDCFA39411CA2CEA /* Resources */,
				29B97323FDCFA39411CA2CEA /* Frameworks */,
				19C28FACFE9D520D11CA2CBB /* Products */,
			);
			name = CustomTemplate;
			sourceTree = "<group>";
		};
		29B97315FDCFA39411CA2CEA /* Other Sources */ = {
			isa = PBXGroup;
			children = (
				32CA4F630368D1EE00C91783 /* Argumento_Prefix.pch */,
				29B97316FDCFA39411CA2CEA /* main.m */,
			);
			name = "Other Sources";
			sourceTree = "<group>";
		};
		29B97317FDCFA39411CA2CEA /* Resources */ = {
			isa = PBXGroup;
			children = (
				EBFF07931387F9940055D6BD /* cursos_2007.xml */,
				EBFF07941387F9940055D6BD /* cursos_2008.xml */,
				EBFF07951387F9940055D6BD /* medias_2007.xml */,
				EBFF07961387F9940055D6BD /* medias_2008.xml */,
				EBF1C4BC122354C7001A2BB9 /* icon57.png */,
				EBFA679412BD341600EA3262 /* icon58.png */,
				28AD733E0D9D9553002E5188 /* MainWindow.xib */,
				EBEB3D3A12BD1C6D00A856AB /* iPadWindow.xib */,
				EB467BC01548DCE500B2CE8D /* ArgumentoViewController.xib */,
				EBEB3D4512BD1D1F00A856AB /* ArgumentoiPadViewController.xib */,
				8D1107310486CEB800E47090 /* Argumento-Info.plist */,
				EB7CA1EF1387F209008396E3 /* Settings.bundle */,
			);
			name = Resources;
			sourceTree = "<group>";
		};
		29B97323FDCFA39411CA2CEA /* Frameworks */ = {
			isa = PBXGroup;
			children = (
				EB7CA1F91387F40B008396E3 /* QuartzCore.framework */,
				1DF5F4DF0D08C38300B7A737 /* UIKit.framework */,
				1D30AB110D05D00D00671497 /* Foundation.framework */,
				288765A40DF7441C002DB57D /* CoreGraphics.framework */,
			);
			name = Frameworks;
			sourceTree = "<group>";
		};
/* End PBXGroup section */

/* Begin PBXNativeTarget section */
		1D6058900D05DD3D006BFB54 /* Argumento */ = {
			isa = PBXNativeTarget;
			buildConfigurationList = 1D6058960D05DD3E006BFB54 /* Build configuration list for PBXNativeTarget "Argumento" */;
			buildPhases = (
				1D60588D0D05DD3D006BFB54 /* Resources */,
				1D60588E0D05DD3D006BFB54 /* Sources */,
				1D60588F0D05DD3D006BFB54 /* Frameworks */,
			);
			buildRules = (
			);
			dependencies = (
			);
			name = Argumento;
			productName = "Argumento UNB:PAS";
			productReference = 1D6058910D05DD3D006BFB54 /* Argumento.app */;
			productType = "com.apple.product-type.application";
		};
/* End PBXNativeTarget section */

/* Begin PBXProject section */
		29B97313FDCFA39411CA2CEA /* Project object */ = {
			isa = PBXProject;
			attributes = {
				LastUpgradeCheck = 0420;
			};
			buildConfigurationList = C01FCF4E08A954540054247B /* Build configuration list for PBXProject "Argumento" */;
			compatibilityVersion = "Xcode 3.2";
			developmentRegion = English;
			hasScannedForEncodings = 1;
			knownRegions = (
				English,
				Japanese,
				French,
				German,
				pt,
			);
			mainGroup = 29B97314FDCFA39411CA2CEA /* CustomTemplate */;
			projectDirPath = "";
			projectRoot = "";
			targets = (
				1D6058900D05DD3D006BFB54 /* Argumento */,
			);
		};
/* End PBXProject section */

/* Begin PBXResourcesBuildPhase section */
		1D60588D0D05DD3D006BFB54 /* Resources */ = {
			isa = PBXResourcesBuildPhase;
			buildActionMask = 2147483647;
			files = (
				28AD733F0D9D9553002E5188 /* MainWindow.xib in Resources */,
				EB467BBE1548DCE500B2CE8D /* ArgumentoViewController.xib in Resources */,
				EBF1C4BD122354C7001A2BB9 /* icon57.png in Resources */,
				EBEB3D3B12BD1C6D00A856AB /* iPadWindow.xib in Resources */,
				EBEB3D4612BD1D1F00A856AB /* ArgumentoiPadViewController.xib in Resources */,
				EBFA679512BD341600EA3262 /* icon58.png in Resources */,
				EB7CA1F01387F20A008396E3 /* Settings.bundle in Resources */,
				EBFF07971387F9940055D6BD /* cursos_2007.xml in Resources */,
				EBFF07981387F9940055D6BD /* cursos_2008.xml in Resources */,
				EBFF07991387F9940055D6BD /* medias_2007.xml in Resources */,
				EBFF079A1387F9940055D6BD /* medias_2008.xml in Resources */,
			);
			runOnlyForDeploymentPostprocessing = 0;
		};
/* End PBXResourcesBuildPhase section */

/* Begin PBXSourcesBuildPhase section */
		1D60588E0D05DD3D006BFB54 /* Sources */ = {
			isa = PBXSourcesBuildPhase;
			buildActionMask = 2147483647;
			files = (
				1D60589B0D05DD56006BFB54 /* main.m in Sources */,
				1D3623260D0F684500981E51 /* ArgumentoAppDelegate.m in Sources */,
				28D7ACF80DDB3853001CB0EB /* ArgumentoViewController.m in Sources */,
			);
			runOnlyForDeploymentPostprocessing = 0;
		};
/* End PBXSourcesBuildPhase section */

/* Begin PBXVariantGroup section */
		EB467BC01548DCE500B2CE8D /* ArgumentoViewController.xib */ = {
			isa = PBXVariantGroup;
			children = (
				EB467BBF1548DCE500B2CE8D /* en */,
				EB467BC11548DD2300B2CE8D /* pt */,
			);
			name = ArgumentoViewController.xib;
			sourceTree = SOURCE_ROOT;
		};
/* End PBXVariantGroup section */

/* Begin XCBuildConfiguration section */
		1D6058940D05DD3E006BFB54 /* Debug */ = {
			isa = XCBuildConfiguration;
			buildSettings = {
				ALWAYS_SEARCH_USER_PATHS = NO;
				ARCHS = (
					armv7,
					armv6,
				);
				CODE_SIGN_IDENTITY = "iPhone Developer";
				COPY_PHASE_STRIP = NO;
				GCC_DYNAMIC_NO_PIC = NO;
				GCC_OPTIMIZATION_LEVEL = 0;
				GCC_PRECOMPILE_PREFIX_HEADER = YES;
				GCC_PREFIX_HEADER = Argumento_Prefix.pch;
				INFOPLIST_FILE = "Argumento-Info.plist";
				PRODUCT_NAME = Argumento;
				PROVISIONING_PROFILE = "";
				SDKROOT = iphoneos;
			};
			name = Debug;
		};
		1D6058950D05DD3E006BFB54 /* Release */ = {
			isa = XCBuildConfiguration;
			buildSettings = {
				ALWAYS_SEARCH_USER_PATHS = NO;
				ARCHS = (
					armv7,
					armv6,
				);
				CODE_SIGN_IDENTITY = "iPhone Developer";
				COPY_PHASE_STRIP = YES;
				GCC_PRECOMPILE_PREFIX_HEADER = YES;
				GCC_PREFIX_HEADER = Argumento_Prefix.pch;
				INFOPLIST_FILE = "Argumento-Info.plist";
				PRODUCT_NAME = Argumento;
				PROVISIONING_PROFILE = "";
				SDKROOT = iphoneos;
				VALIDATE_PRODUCT = YES;
			};
			name = Release;
		};
		C01FCF4F08A954540054247B /* Debug */ = {
			isa = XCBuildConfiguration;
			buildSettings = {
				ARCHS = "$(ARCHS_STANDARD_32_BIT)";
				CODE_SIGN_IDENTITY = "iPhone Developer";
				"CODE_SIGN_IDENTITY[sdk=iphoneos*]" = "iPhone Distribution";
				GCC_C_LANGUAGE_STANDARD = c99;
				GCC_WARN_ABOUT_RETURN_TYPE = YES;
				GCC_WARN_UNUSED_VARIABLE = YES;
				IPHONEOS_DEPLOYMENT_TARGET = 3.1.3;
				PROVISIONING_PROFILE = "";
				"PROVISIONING_PROFILE[sdk=iphoneos*]" = "";
				SDKROOT = iphoneos;
				TARGETED_DEVICE_FAMILY = "1,2";
				VALIDATE_PRODUCT = YES;
			};
			name = Debug;
		};
		C01FCF5008A954540054247B /* Release */ = {
			isa = XCBuildConfiguration;
			buildSettings = {
				ARCHS = "$(ARCHS_STANDARD_32_BIT)";
				CODE_SIGN_IDENTITY = "iPhone Developer";
				"CODE_SIGN_IDENTITY[sdk=*]" = "iPhone Distribution";
				GCC_C_LANGUAGE_STANDARD = c99;
				GCC_WARN_ABOUT_RETURN_TYPE = YES;
				GCC_WARN_UNUSED_VARIABLE = YES;
				IPHONEOS_DEPLOYMENT_TARGET = 3.1.3;
				OTHER_CFLAGS = "-DNS_BLOCK_ASSERTIONS=1";
				PROVISIONING_PROFILE = "";
				"PROVISIONING_PROFILE[sdk=*]" = "";
				SDKROOT = iphoneos;
				TARGETED_DEVICE_FAMILY = "1,2";
				VALIDATE_PRODUCT = YES;
			};
			name = Release;
		};
/* End XCBuildConfiguration section */

/* Begin XCConfigurationList section */
		1D6058960D05DD3E006BFB54 /* Build configuration list for PBXNativeTarget "Argumento" */ = {
			isa = XCConfigurationList;
			buildConfigurations = (
				1D6058940D05DD3E006BFB54 /* Debug */,
				1D6058950D05DD3E006BFB54 /* Release */,
			);
			defaultConfigurationIsVisible = 0;
			defaultConfigurationName = Release;
		};
		C01FCF4E08A954540054247B /* Build configuration list for PBXProject "Argumento" */ = {
			isa = XCConfigurationList;
			buildConfigurations = (
				C01FCF4F08A954540054247B /* Debug */,
				C01FCF5008A954540054247B /* Release */,
			);
			defaultConfigurationIsVisible = 0;
			defaultConfigurationName = Release;
		};
/* End XCConfigurationList section */
	};
	rootObject = 29B97313FDCFA39411CA2CEA /* Project object */;
}
